// !$*UTF8*$!
{
	archiveVersion = 1;
	classes = {
	};
	objectVersion = 56;
	objects = {

/* Begin PBXBuildFile section */
		6A08172D2A1706120000705F /* CreateNewPostView.swift in Sources */ = {isa = PBXBuildFile; fileRef = 6A08172C2A1706120000705F /* CreateNewPostView.swift */; };
		6AA0583B2A0FEB90005A9BDB /* LinkPreview.swift in Sources */ = {isa = PBXBuildFile; fileRef = 6AA0583A2A0FEB90005A9BDB /* LinkPreview.swift */; };
		6AD406D02A10B6B100343500 /* SettingsView.swift in Sources */ = {isa = PBXBuildFile; fileRef = 6AD406CF2A10B6B100343500 /* SettingsView.swift */; };
		6AD406D42A10D96800343500 /* CoursePostItem.swift in Sources */ = {isa = PBXBuildFile; fileRef = 6AD406D32A10D96800343500 /* CoursePostItem.swift */; };
		6AD9CEDA2A0CEA120078E5D3 /* MainView.swift in Sources */ = {isa = PBXBuildFile; fileRef = 6AD9CED92A0CEA120078E5D3 /* MainView.swift */; };
		932647AA2A2D6709007CE470 /* NotesView.swift in Sources */ = {isa = PBXBuildFile; fileRef = 932647A92A2D6709007CE470 /* NotesView.swift */; };
		93362DCA2A2B20E1006303CA /* SidebarCourseView.swift in Sources */ = {isa = PBXBuildFile; fileRef = 93362DC92A2B20E1006303CA /* SidebarCourseView.swift */; };
		93362DCC2A2B47EF006303CA /* FittingGeometryReader.swift in Sources */ = {isa = PBXBuildFile; fileRef = 93362DCB2A2B47EF006303CA /* FittingGeometryReader.swift */; };
		933DF79B2A203C10008C92E6 /* CourseSubmissionBadge.swift in Sources */ = {isa = PBXBuildFile; fileRef = 933DF79A2A203C10008C92E6 /* CourseSubmissionBadge.swift */; };
		933F39122A4438B4006E13AC /* The_GlassRoom_iOSApp.swift in Sources */ = {isa = PBXBuildFile; fileRef = 933F39112A4438B4006E13AC /* The_GlassRoom_iOSApp.swift */; };
		933F39142A4438B4006E13AC /* ContentView.swift in Sources */ = {isa = PBXBuildFile; fileRef = 933F39132A4438B4006E13AC /* ContentView.swift */; };
		933F39162A4438B5006E13AC /* Assets.xcassets in Resources */ = {isa = PBXBuildFile; fileRef = 933F39152A4438B5006E13AC /* Assets.xcassets */; };
		933F39192A4438B5006E13AC /* Preview Assets.xcassets in Resources */ = {isa = PBXBuildFile; fileRef = 933F39182A4438B5006E13AC /* Preview Assets.xcassets */; };
		933F39542A443DFB006E13AC /* GeneralCourse.swift in Sources */ = {isa = PBXBuildFile; fileRef = 93F229732A10DD0200B44C85 /* GeneralCourse.swift */; };
		933F39552A443DFB006E13AC /* Date+Format.swift in Sources */ = {isa = PBXBuildFile; fileRef = 93F229772A10E9CE00B44C85 /* Date+Format.swift */; };
		933F39562A443DFB006E13AC /* CourseWorkSubmissionDataManager.swift in Sources */ = {isa = PBXBuildFile; fileRef = 934858072A1249CD008B84A7 /* CourseWorkSubmissionDataManager.swift */; };
		933F39572A443DFB006E13AC /* GlobalCoursesDataManager.swift in Sources */ = {isa = PBXBuildFile; fileRef = 93757D782A0F9BEB0063AB67 /* GlobalCoursesDataManager.swift */; };
		933F39582A443DFB006E13AC /* Secrets (Sensitive).swift in Sources */ = {isa = PBXBuildFile; fileRef = 93757D652A0E7B430063AB67 /* Secrets (Sensitive).swift */; };
		933F39592A443DFB006E13AC /* GlobalCoursesDataManager+Configuration.swift in Sources */ = {isa = PBXBuildFile; fileRef = 9348580F2A133982008B84A7 /* GlobalCoursesDataManager+Configuration.swift */; };
		933F395A2A443DFB006E13AC /* CoursePostsDataManager.swift in Sources */ = {isa = PBXBuildFile; fileRef = 934858022A11F7AA008B84A7 /* CoursePostsDataManager.swift */; };
		933F395B2A443DFB006E13AC /* FileManager.swift in Sources */ = {isa = PBXBuildFile; fileRef = 93757D7A2A0F9E6D0063AB67 /* FileManager.swift */; };
		933F395C2A443DFB006E13AC /* UserAuthModel.swift in Sources */ = {isa = PBXBuildFile; fileRef = 93757D602A0E74500063AB67 /* UserAuthModel.swift */; };
		933F395D2A443DFB006E13AC /* GlobalUserProfilesDataManager.swift in Sources */ = {isa = PBXBuildFile; fileRef = 93AED68F2A1769DA0005854C /* GlobalUserProfilesDataManager.swift */; };
		933F395E2A443DFB006E13AC /* Secrets.swift in Sources */ = {isa = PBXBuildFile; fileRef = 93757D622A0E79650063AB67 /* Secrets.swift */; };
		933F395F2A443DFB006E13AC /* CoursePost.swift in Sources */ = {isa = PBXBuildFile; fileRef = 93ACB2422A10D0FF0040C88E /* CoursePost.swift */; };
		933F39612A443E18006E13AC /* GlassRoomAPI in Frameworks */ = {isa = PBXBuildFile; productRef = 933F39602A443E18006E13AC /* GlassRoomAPI */; };
		933F39652A443E28006E13AC /* GoogleSignIn in Frameworks */ = {isa = PBXBuildFile; productRef = 933F39642A443E28006E13AC /* GoogleSignIn */; };
		933F39972A444339006E13AC /* MainView.swift in Sources */ = {isa = PBXBuildFile; fileRef = 6AD9CED92A0CEA120078E5D3 /* MainView.swift */; };
		933F39982A44447B006E13AC /* SearchView.swift in Sources */ = {isa = PBXBuildFile; fileRef = 93ACB2392A106F550040C88E /* SearchView.swift */; };
		933F39992A4444AF006E13AC /* CoursePostItem.swift in Sources */ = {isa = PBXBuildFile; fileRef = 6AD406D32A10D96800343500 /* CoursePostItem.swift */; };
		933F399A2A4444AF006E13AC /* SingleCoursePostListView.swift in Sources */ = {isa = PBXBuildFile; fileRef = 934858052A123405008B84A7 /* SingleCoursePostListView.swift */; };
		933F399B2A4444AF006E13AC /* UniversalCoursePostListView.swift in Sources */ = {isa = PBXBuildFile; fileRef = 93F229752A10E5B800B44C85 /* UniversalCoursePostListView.swift */; };
		933F399C2A4444AF006E13AC /* CoursePostListView.swift in Sources */ = {isa = PBXBuildFile; fileRef = 93650B122A19A7E100F5D865 /* CoursePostListView.swift */; };
		933F399D2A4444AF006E13AC /* MultiCoursePostListView.swift in Sources */ = {isa = PBXBuildFile; fileRef = 93F229792A10EA9D00B44C85 /* MultiCoursePostListView.swift */; };
		933F399E2A4444AF006E13AC /* CourseSubmissionBadge.swift in Sources */ = {isa = PBXBuildFile; fileRef = 933DF79A2A203C10008C92E6 /* CourseSubmissionBadge.swift */; };
		933F399F2A4444B2006E13AC /* CourseResourcesListView.swift in Sources */ = {isa = PBXBuildFile; fileRef = 93A201B22A1B9E0E00EDECD0 /* CourseResourcesListView.swift */; };
		933F39A02A4444B5006E13AC /* CourseRegisterItem.swift in Sources */ = {isa = PBXBuildFile; fileRef = 93AED6932A179D9F0005854C /* CourseRegisterItem.swift */; };
		933F39A12A4444B5006E13AC /* CenterSplitView.swift in Sources */ = {isa = PBXBuildFile; fileRef = 93757D732A0F9AC50063AB67 /* CenterSplitView.swift */; };
		933F39A22A4444B5006E13AC /* CenterSplitViewToolbarTop.swift in Sources */ = {isa = PBXBuildFile; fileRef = 93ACB2482A10D8930040C88E /* CenterSplitViewToolbarTop.swift */; };
		933F39A32A4444B5006E13AC /* CourseRegisterListView.swift in Sources */ = {isa = PBXBuildFile; fileRef = 93AED6912A1781A50005854C /* CourseRegisterListView.swift */; };
		933F39A42A4444CD006E13AC /* DebugLogsView.swift in Sources */ = {isa = PBXBuildFile; fileRef = 9343174B2A164AE800B16C6F /* DebugLogsView.swift */; };
		933F39A52A4444CD006E13AC /* DebugAPICallsView.swift in Sources */ = {isa = PBXBuildFile; fileRef = 934317492A164ADC00B16C6F /* DebugAPICallsView.swift */; };
		933F39A62A4444E5006E13AC /* CustomisationView.swift in Sources */ = {isa = PBXBuildFile; fileRef = 93E0B8B32A136DD400ED917A /* CustomisationView.swift */; };
		933F39A72A4444E5006E13AC /* SettingsView.swift in Sources */ = {isa = PBXBuildFile; fileRef = 6AD406CF2A10B6B100343500 /* SettingsView.swift */; };
		933F39A92A444537006E13AC /* GlassRoomTypes in Frameworks */ = {isa = PBXBuildFile; productRef = 933F39A82A444537006E13AC /* GlassRoomTypes */; };
		933F39AB2A44453F006E13AC /* GlassRoomTypes in Frameworks */ = {isa = PBXBuildFile; productRef = 933F39AA2A44453F006E13AC /* GlassRoomTypes */; };
		933F39AC2A4445A3006E13AC /* CourseWorkDetailView.swift in Sources */ = {isa = PBXBuildFile; fileRef = 9348580B2A125DAB008B84A7 /* CourseWorkDetailView.swift */; };
		933F39AD2A4445A3006E13AC /* CourseWorkStudentSubmissionView.swift in Sources */ = {isa = PBXBuildFile; fileRef = 939FCB712A1C848E002B4C3B /* CourseWorkStudentSubmissionView.swift */; };
		933F39AE2A4445A3006E13AC /* AnnouncementDetailView.swift in Sources */ = {isa = PBXBuildFile; fileRef = 934858092A125DA1008B84A7 /* AnnouncementDetailView.swift */; };
		933F39AF2A4445A3006E13AC /* CourseMaterialDetailView.swift in Sources */ = {isa = PBXBuildFile; fileRef = 9348580D2A125DB5008B84A7 /* CourseMaterialDetailView.swift */; };
		933F39B02A4445A3006E13AC /* CourseWorkTeacherSubmissionsView.swift in Sources */ = {isa = PBXBuildFile; fileRef = 939FCB6F2A1C83D2002B4C3B /* CourseWorkTeacherSubmissionsView.swift */; };
		933F39B12A4445A3006E13AC /* DetailView.swift in Sources */ = {isa = PBXBuildFile; fileRef = 93757D752A0F9B220063AB67 /* DetailView.swift */; };
		933F39B22A444611006E13AC /* NotesView.swift in Sources */ = {isa = PBXBuildFile; fileRef = 932647A92A2D6709007CE470 /* NotesView.swift */; };
		933F39B32A444660006E13AC /* CreateNewPostView.swift in Sources */ = {isa = PBXBuildFile; fileRef = 6A08172C2A1706120000705F /* CreateNewPostView.swift */; };
		933F39B52A44475F006E13AC /* LinkPreview.swift in Sources */ = {isa = PBXBuildFile; fileRef = 6AA0583A2A0FEB90005A9BDB /* LinkPreview.swift */; };
		933F39B82A44475F006E13AC /* TriStateToggle.swift in Sources */ = {isa = PBXBuildFile; fileRef = 93761F382A2B81DF00E2008E /* TriStateToggle.swift */; };
		933F39B92A44475F006E13AC /* SegmentedControl.swift in Sources */ = {isa = PBXBuildFile; fileRef = 93ACB2462A10D5C00040C88E /* SegmentedControl.swift */; };
		933F39BA2A44475F006E13AC /* FittingGeometryReader.swift in Sources */ = {isa = PBXBuildFile; fileRef = 93362DCB2A2B47EF006303CA /* FittingGeometryReader.swift */; };
		933F39BD2A444936006E13AC /* ReverseMask.swift in Sources */ = {isa = PBXBuildFile; fileRef = 933F39BC2A444936006E13AC /* ReverseMask.swift */; };
		933F39BE2A44493C006E13AC /* ReverseMask.swift in Sources */ = {isa = PBXBuildFile; fileRef = 933F39BC2A444936006E13AC /* ReverseMask.swift */; };
		933F39C02A444967006E13AC /* TypeExtensions.swift in Sources */ = {isa = PBXBuildFile; fileRef = 933F39BF2A444967006E13AC /* TypeExtensions.swift */; };
		933F39C12A4449A2006E13AC /* TypeExtensions.swift in Sources */ = {isa = PBXBuildFile; fileRef = 933F39BF2A444967006E13AC /* TypeExtensions.swift */; };
		933F39C32A444D46006E13AC /* SignInView.swift in Sources */ = {isa = PBXBuildFile; fileRef = 93757D672A0E7D280063AB67 /* SignInView.swift */; };
		9343174A2A164ADC00B16C6F /* DebugAPICallsView.swift in Sources */ = {isa = PBXBuildFile; fileRef = 934317492A164ADC00B16C6F /* DebugAPICallsView.swift */; };
		9343174C2A164AE800B16C6F /* DebugLogsView.swift in Sources */ = {isa = PBXBuildFile; fileRef = 9343174B2A164AE800B16C6F /* DebugLogsView.swift */; };
		9346D7922A5022A6009FB2F2 /* SymbolPicker in Frameworks */ = {isa = PBXBuildFile; productRef = 9346D7912A5022A6009FB2F2 /* SymbolPicker */; };
		934858032A11F7AA008B84A7 /* CoursePostsDataManager.swift in Sources */ = {isa = PBXBuildFile; fileRef = 934858022A11F7AA008B84A7 /* CoursePostsDataManager.swift */; };
		934858062A123405008B84A7 /* SingleCoursePostListView.swift in Sources */ = {isa = PBXBuildFile; fileRef = 934858052A123405008B84A7 /* SingleCoursePostListView.swift */; };
		934858082A1249CD008B84A7 /* CourseWorkSubmissionDataManager.swift in Sources */ = {isa = PBXBuildFile; fileRef = 934858072A1249CD008B84A7 /* CourseWorkSubmissionDataManager.swift */; };
		9348580A2A125DA1008B84A7 /* AnnouncementDetailView.swift in Sources */ = {isa = PBXBuildFile; fileRef = 934858092A125DA1008B84A7 /* AnnouncementDetailView.swift */; };
		9348580C2A125DAB008B84A7 /* CourseWorkDetailView.swift in Sources */ = {isa = PBXBuildFile; fileRef = 9348580B2A125DAB008B84A7 /* CourseWorkDetailView.swift */; };
		9348580E2A125DB5008B84A7 /* CourseMaterialDetailView.swift in Sources */ = {isa = PBXBuildFile; fileRef = 9348580D2A125DB5008B84A7 /* CourseMaterialDetailView.swift */; };
		934858102A133982008B84A7 /* GlobalCoursesDataManager+Configuration.swift in Sources */ = {isa = PBXBuildFile; fileRef = 9348580F2A133982008B84A7 /* GlobalCoursesDataManager+Configuration.swift */; };
		9359F6E22A1A20FD001A8A1F /* SplitView.swift in Sources */ = {isa = PBXBuildFile; fileRef = 9359F6E12A1A20FD001A8A1F /* SplitView.swift */; };
		93650B132A19A7E100F5D865 /* CoursePostListView.swift in Sources */ = {isa = PBXBuildFile; fileRef = 93650B122A19A7E100F5D865 /* CoursePostListView.swift */; };
		9373FBF02A16E9B3007AB503 /* RenameCourseGroupView.swift in Sources */ = {isa = PBXBuildFile; fileRef = 9373FBEF2A16E9B3007AB503 /* RenameCourseGroupView.swift */; };
		93757D5D2A0E73DA0063AB67 /* GoogleSignIn in Frameworks */ = {isa = PBXBuildFile; productRef = 93757D5C2A0E73DA0063AB67 /* GoogleSignIn */; };
		93757D612A0E74500063AB67 /* UserAuthModel.swift in Sources */ = {isa = PBXBuildFile; fileRef = 93757D602A0E74500063AB67 /* UserAuthModel.swift */; };
		93757D632A0E79650063AB67 /* Secrets.swift in Sources */ = {isa = PBXBuildFile; fileRef = 93757D622A0E79650063AB67 /* Secrets.swift */; };
		93757D662A0E7B430063AB67 /* Secrets (Sensitive).swift in Sources */ = {isa = PBXBuildFile; fileRef = 93757D652A0E7B430063AB67 /* Secrets (Sensitive).swift */; };
		93757D682A0E7D280063AB67 /* SignInView.swift in Sources */ = {isa = PBXBuildFile; fileRef = 93757D672A0E7D280063AB67 /* SignInView.swift */; };
		93757D702A0F29B60063AB67 /* GlassRoomAPI in Frameworks */ = {isa = PBXBuildFile; productRef = 93757D6F2A0F29B60063AB67 /* GlassRoomAPI */; };
		93757D722A0F9A240063AB67 /* SidebarView.swift in Sources */ = {isa = PBXBuildFile; fileRef = 93757D712A0F9A240063AB67 /* SidebarView.swift */; };
		93757D742A0F9AC50063AB67 /* CenterSplitView.swift in Sources */ = {isa = PBXBuildFile; fileRef = 93757D732A0F9AC50063AB67 /* CenterSplitView.swift */; };
		93757D762A0F9B220063AB67 /* DetailView.swift in Sources */ = {isa = PBXBuildFile; fileRef = 93757D752A0F9B220063AB67 /* DetailView.swift */; };
		93757D792A0F9BEB0063AB67 /* GlobalCoursesDataManager.swift in Sources */ = {isa = PBXBuildFile; fileRef = 93757D782A0F9BEB0063AB67 /* GlobalCoursesDataManager.swift */; };
		93757D7B2A0F9E6D0063AB67 /* FileManager.swift in Sources */ = {isa = PBXBuildFile; fileRef = 93757D7A2A0F9E6D0063AB67 /* FileManager.swift */; };
		93757D7E2A0FBAE70063AB67 /* SidebarOutlineViewController.swift in Sources */ = {isa = PBXBuildFile; fileRef = 93757D7D2A0FBAE70063AB67 /* SidebarOutlineViewController.swift */; };
		93761F392A2B81DF00E2008E /* TriStateToggle.swift in Sources */ = {isa = PBXBuildFile; fileRef = 93761F382A2B81DF00E2008E /* TriStateToggle.swift */; };
		937C7D6C2A4FC7F400E38A6B /* SymbolPicker in Frameworks */ = {isa = PBXBuildFile; productRef = 937C7D6B2A4FC7F400E38A6B /* SymbolPicker */; };
		937EA5BA2A0CD9F8005F11C5 /* The_GlassRoomApp.swift in Sources */ = {isa = PBXBuildFile; fileRef = 937EA5B92A0CD9F8005F11C5 /* The_GlassRoomApp.swift */; };
		937EA5BC2A0CD9F8005F11C5 /* ContentView.swift in Sources */ = {isa = PBXBuildFile; fileRef = 937EA5BB2A0CD9F8005F11C5 /* ContentView.swift */; };
		937EA5BE2A0CD9F9005F11C5 /* Assets.xcassets in Resources */ = {isa = PBXBuildFile; fileRef = 937EA5BD2A0CD9F9005F11C5 /* Assets.xcassets */; };
		937EA5C12A0CD9F9005F11C5 /* Preview Assets.xcassets in Resources */ = {isa = PBXBuildFile; fileRef = 937EA5C02A0CD9F9005F11C5 /* Preview Assets.xcassets */; };
		938300EE2A0FBB4C006581B8 /* SidebarOutlineView.swift in Sources */ = {isa = PBXBuildFile; fileRef = 938300ED2A0FBB4C006581B8 /* SidebarOutlineView.swift */; };
		938300F02A0FC009006581B8 /* SidebarOutlineMenu.swift in Sources */ = {isa = PBXBuildFile; fileRef = 938300EF2A0FC009006581B8 /* SidebarOutlineMenu.swift */; };
		938883232A5036F600EAD9F1 /* SidebarListView.swift in Sources */ = {isa = PBXBuildFile; fileRef = 938883222A5036F600EAD9F1 /* SidebarListView.swift */; };
		939FCB702A1C83D2002B4C3B /* CourseWorkTeacherSubmissionsView.swift in Sources */ = {isa = PBXBuildFile; fileRef = 939FCB6F2A1C83D2002B4C3B /* CourseWorkTeacherSubmissionsView.swift */; };
		939FCB722A1C848E002B4C3B /* CourseWorkStudentSubmissionView.swift in Sources */ = {isa = PBXBuildFile; fileRef = 939FCB712A1C848E002B4C3B /* CourseWorkStudentSubmissionView.swift */; };
		93A201B32A1B9E0E00EDECD0 /* CourseResourcesListView.swift in Sources */ = {isa = PBXBuildFile; fileRef = 93A201B22A1B9E0E00EDECD0 /* CourseResourcesListView.swift */; };
		93ACB23A2A106F550040C88E /* SearchView.swift in Sources */ = {isa = PBXBuildFile; fileRef = 93ACB2392A106F550040C88E /* SearchView.swift */; };
		93ACB2432A10D0FF0040C88E /* CoursePost.swift in Sources */ = {isa = PBXBuildFile; fileRef = 93ACB2422A10D0FF0040C88E /* CoursePost.swift */; };
		93ACB2472A10D5C00040C88E /* SegmentedControl.swift in Sources */ = {isa = PBXBuildFile; fileRef = 93ACB2462A10D5C00040C88E /* SegmentedControl.swift */; };
		93ACB2492A10D8930040C88E /* CenterSplitViewToolbarTop.swift in Sources */ = {isa = PBXBuildFile; fileRef = 93ACB2482A10D8930040C88E /* CenterSplitViewToolbarTop.swift */; };
		93AED6902A1769DA0005854C /* GlobalUserProfilesDataManager.swift in Sources */ = {isa = PBXBuildFile; fileRef = 93AED68F2A1769DA0005854C /* GlobalUserProfilesDataManager.swift */; };
		93AED6922A1781A50005854C /* CourseRegisterListView.swift in Sources */ = {isa = PBXBuildFile; fileRef = 93AED6912A1781A50005854C /* CourseRegisterListView.swift */; };
		93AED6942A179D9F0005854C /* CourseRegisterItem.swift in Sources */ = {isa = PBXBuildFile; fileRef = 93AED6932A179D9F0005854C /* CourseRegisterItem.swift */; };
		93CAF7502A2CBF7C005D265E /* SymbolPicker+SwiftUI.swift in Sources */ = {isa = PBXBuildFile; fileRef = 93CAF74F2A2CBF7C005D265E /* SymbolPicker+SwiftUI.swift */; };
		93E0B8B42A136DD400ED917A /* CustomisationView.swift in Sources */ = {isa = PBXBuildFile; fileRef = 93E0B8B32A136DD400ED917A /* CustomisationView.swift */; };
		93F229742A10DD0200B44C85 /* GeneralCourse.swift in Sources */ = {isa = PBXBuildFile; fileRef = 93F229732A10DD0200B44C85 /* GeneralCourse.swift */; };
		93F229762A10E5B800B44C85 /* UniversalCoursePostListView.swift in Sources */ = {isa = PBXBuildFile; fileRef = 93F229752A10E5B800B44C85 /* UniversalCoursePostListView.swift */; };
		93F229782A10E9CE00B44C85 /* Date+Format.swift in Sources */ = {isa = PBXBuildFile; fileRef = 93F229772A10E9CE00B44C85 /* Date+Format.swift */; };
		93F2297A2A10EA9D00B44C85 /* MultiCoursePostListView.swift in Sources */ = {isa = PBXBuildFile; fileRef = 93F229792A10EA9D00B44C85 /* MultiCoursePostListView.swift */; };
		F31A7B1C2A4E753000B50450 /* SidebarView.swift in Sources */ = {isa = PBXBuildFile; fileRef = F31A7B1B2A4E753000B50450 /* SidebarView.swift */; };
		F31A7B1E2A4E784300B50450 /* SidebarCourseView.swift in Sources */ = {isa = PBXBuildFile; fileRef = 93362DC92A2B20E1006303CA /* SidebarCourseView.swift */; };
/* End PBXBuildFile section */

/* Begin PBXFileReference section */
		6A08172C2A1706120000705F /* CreateNewPostView.swift */ = {isa = PBXFileReference; lastKnownFileType = sourcecode.swift; path = CreateNewPostView.swift; sourceTree = "<group>"; };
		6AA0583A2A0FEB90005A9BDB /* LinkPreview.swift */ = {isa = PBXFileReference; lastKnownFileType = sourcecode.swift; path = LinkPreview.swift; sourceTree = "<group>"; };
		6AD406CF2A10B6B100343500 /* SettingsView.swift */ = {isa = PBXFileReference; lastKnownFileType = sourcecode.swift; path = SettingsView.swift; sourceTree = "<group>"; };
		6AD406D32A10D96800343500 /* CoursePostItem.swift */ = {isa = PBXFileReference; lastKnownFileType = sourcecode.swift; path = CoursePostItem.swift; sourceTree = "<group>"; };
		6AD9CED92A0CEA120078E5D3 /* MainView.swift */ = {isa = PBXFileReference; lastKnownFileType = sourcecode.swift; path = MainView.swift; sourceTree = "<group>"; };
		932647A92A2D6709007CE470 /* NotesView.swift */ = {isa = PBXFileReference; lastKnownFileType = sourcecode.swift; path = NotesView.swift; sourceTree = "<group>"; };
		93362DC92A2B20E1006303CA /* SidebarCourseView.swift */ = {isa = PBXFileReference; lastKnownFileType = sourcecode.swift; path = SidebarCourseView.swift; sourceTree = "<group>"; };
		93362DCB2A2B47EF006303CA /* FittingGeometryReader.swift */ = {isa = PBXFileReference; lastKnownFileType = sourcecode.swift; path = FittingGeometryReader.swift; sourceTree = "<group>"; };
		933DF79A2A203C10008C92E6 /* CourseSubmissionBadge.swift */ = {isa = PBXFileReference; lastKnownFileType = sourcecode.swift; path = CourseSubmissionBadge.swift; sourceTree = "<group>"; };
		933F390F2A4438B4006E13AC /* The GlassRoom iOS.app */ = {isa = PBXFileReference; explicitFileType = wrapper.application; includeInIndex = 0; path = "The GlassRoom iOS.app"; sourceTree = BUILT_PRODUCTS_DIR; };
		933F39112A4438B4006E13AC /* The_GlassRoom_iOSApp.swift */ = {isa = PBXFileReference; lastKnownFileType = sourcecode.swift; path = The_GlassRoom_iOSApp.swift; sourceTree = "<group>"; };
		933F39132A4438B4006E13AC /* ContentView.swift */ = {isa = PBXFileReference; lastKnownFileType = sourcecode.swift; path = ContentView.swift; sourceTree = "<group>"; };
		933F39152A4438B5006E13AC /* Assets.xcassets */ = {isa = PBXFileReference; lastKnownFileType = folder.assetcatalog; path = Assets.xcassets; sourceTree = "<group>"; };
		933F39182A4438B5006E13AC /* Preview Assets.xcassets */ = {isa = PBXFileReference; lastKnownFileType = folder.assetcatalog; path = "Preview Assets.xcassets"; sourceTree = "<group>"; };
		933F39BC2A444936006E13AC /* ReverseMask.swift */ = {isa = PBXFileReference; lastKnownFileType = sourcecode.swift; path = ReverseMask.swift; sourceTree = "<group>"; };
		933F39BF2A444967006E13AC /* TypeExtensions.swift */ = {isa = PBXFileReference; lastKnownFileType = sourcecode.swift; path = TypeExtensions.swift; sourceTree = "<group>"; };
		933F39C42A444F0E006E13AC /* The-GlassRoom-iOS-Info.plist */ = {isa = PBXFileReference; lastKnownFileType = text.plist.xml; path = "The-GlassRoom-iOS-Info.plist"; sourceTree = SOURCE_ROOT; };
		934317492A164ADC00B16C6F /* DebugAPICallsView.swift */ = {isa = PBXFileReference; lastKnownFileType = sourcecode.swift; path = DebugAPICallsView.swift; sourceTree = "<group>"; };
		9343174B2A164AE800B16C6F /* DebugLogsView.swift */ = {isa = PBXFileReference; lastKnownFileType = sourcecode.swift; path = DebugLogsView.swift; sourceTree = "<group>"; };
		934858022A11F7AA008B84A7 /* CoursePostsDataManager.swift */ = {isa = PBXFileReference; lastKnownFileType = sourcecode.swift; path = CoursePostsDataManager.swift; sourceTree = "<group>"; };
		934858052A123405008B84A7 /* SingleCoursePostListView.swift */ = {isa = PBXFileReference; lastKnownFileType = sourcecode.swift; path = SingleCoursePostListView.swift; sourceTree = "<group>"; };
		934858072A1249CD008B84A7 /* CourseWorkSubmissionDataManager.swift */ = {isa = PBXFileReference; lastKnownFileType = sourcecode.swift; path = CourseWorkSubmissionDataManager.swift; sourceTree = "<group>"; };
		934858092A125DA1008B84A7 /* AnnouncementDetailView.swift */ = {isa = PBXFileReference; lastKnownFileType = sourcecode.swift; path = AnnouncementDetailView.swift; sourceTree = "<group>"; };
		9348580B2A125DAB008B84A7 /* CourseWorkDetailView.swift */ = {isa = PBXFileReference; lastKnownFileType = sourcecode.swift; path = CourseWorkDetailView.swift; sourceTree = "<group>"; };
		9348580D2A125DB5008B84A7 /* CourseMaterialDetailView.swift */ = {isa = PBXFileReference; lastKnownFileType = sourcecode.swift; path = CourseMaterialDetailView.swift; sourceTree = "<group>"; };
		9348580F2A133982008B84A7 /* GlobalCoursesDataManager+Configuration.swift */ = {isa = PBXFileReference; lastKnownFileType = sourcecode.swift; path = "GlobalCoursesDataManager+Configuration.swift"; sourceTree = "<group>"; };
		9359F6E12A1A20FD001A8A1F /* SplitView.swift */ = {isa = PBXFileReference; lastKnownFileType = sourcecode.swift; path = SplitView.swift; sourceTree = "<group>"; };
		9359F6E32A1A3305001A8A1F /* PRIVACY.md */ = {isa = PBXFileReference; lastKnownFileType = net.daringfireball.markdown; path = PRIVACY.md; sourceTree = "<group>"; };
		93650B122A19A7E100F5D865 /* CoursePostListView.swift */ = {isa = PBXFileReference; lastKnownFileType = sourcecode.swift; path = CoursePostListView.swift; sourceTree = "<group>"; };
		9373FBEF2A16E9B3007AB503 /* RenameCourseGroupView.swift */ = {isa = PBXFileReference; lastKnownFileType = sourcecode.swift; path = RenameCourseGroupView.swift; sourceTree = "<group>"; };
		93757D602A0E74500063AB67 /* UserAuthModel.swift */ = {isa = PBXFileReference; fileEncoding = 4; lastKnownFileType = sourcecode.swift; path = UserAuthModel.swift; sourceTree = "<group>"; };
		93757D622A0E79650063AB67 /* Secrets.swift */ = {isa = PBXFileReference; lastKnownFileType = sourcecode.swift; path = Secrets.swift; sourceTree = "<group>"; };
		93757D652A0E7B430063AB67 /* Secrets (Sensitive).swift */ = {isa = PBXFileReference; lastKnownFileType = sourcecode.swift; path = "Secrets (Sensitive).swift"; sourceTree = "<group>"; };
		93757D672A0E7D280063AB67 /* SignInView.swift */ = {isa = PBXFileReference; lastKnownFileType = sourcecode.swift; path = SignInView.swift; sourceTree = "<group>"; };
		93757D692A0E7ED90063AB67 /* The-GlassRoom-Info.plist */ = {isa = PBXFileReference; lastKnownFileType = text.plist; path = "The-GlassRoom-Info.plist"; sourceTree = SOURCE_ROOT; };
		93757D712A0F9A240063AB67 /* SidebarView.swift */ = {isa = PBXFileReference; lastKnownFileType = sourcecode.swift; path = SidebarView.swift; sourceTree = "<group>"; };
		93757D732A0F9AC50063AB67 /* CenterSplitView.swift */ = {isa = PBXFileReference; lastKnownFileType = sourcecode.swift; path = CenterSplitView.swift; sourceTree = "<group>"; };
		93757D752A0F9B220063AB67 /* DetailView.swift */ = {isa = PBXFileReference; lastKnownFileType = sourcecode.swift; path = DetailView.swift; sourceTree = "<group>"; };
		93757D782A0F9BEB0063AB67 /* GlobalCoursesDataManager.swift */ = {isa = PBXFileReference; lastKnownFileType = sourcecode.swift; path = GlobalCoursesDataManager.swift; sourceTree = "<group>"; };
		93757D7A2A0F9E6D0063AB67 /* FileManager.swift */ = {isa = PBXFileReference; lastKnownFileType = sourcecode.swift; path = FileManager.swift; sourceTree = "<group>"; };
		93757D7D2A0FBAE70063AB67 /* SidebarOutlineViewController.swift */ = {isa = PBXFileReference; lastKnownFileType = sourcecode.swift; path = SidebarOutlineViewController.swift; sourceTree = "<group>"; };
		93761F382A2B81DF00E2008E /* TriStateToggle.swift */ = {isa = PBXFileReference; lastKnownFileType = sourcecode.swift; path = TriStateToggle.swift; sourceTree = "<group>"; };
		937EA5B62A0CD9F8005F11C5 /* The GlassRoom.app */ = {isa = PBXFileReference; explicitFileType = wrapper.application; includeInIndex = 0; path = "The GlassRoom.app"; sourceTree = BUILT_PRODUCTS_DIR; };
		937EA5B92A0CD9F8005F11C5 /* The_GlassRoomApp.swift */ = {isa = PBXFileReference; lastKnownFileType = sourcecode.swift; path = The_GlassRoomApp.swift; sourceTree = "<group>"; };
		937EA5BB2A0CD9F8005F11C5 /* ContentView.swift */ = {isa = PBXFileReference; lastKnownFileType = sourcecode.swift; path = ContentView.swift; sourceTree = "<group>"; };
		937EA5BD2A0CD9F9005F11C5 /* Assets.xcassets */ = {isa = PBXFileReference; lastKnownFileType = folder.assetcatalog; path = Assets.xcassets; sourceTree = "<group>"; };
		937EA5C02A0CD9F9005F11C5 /* Preview Assets.xcassets */ = {isa = PBXFileReference; lastKnownFileType = folder.assetcatalog; path = "Preview Assets.xcassets"; sourceTree = "<group>"; };
		937EA5C22A0CD9F9005F11C5 /* The_GlassRoom.entitlements */ = {isa = PBXFileReference; lastKnownFileType = text.plist.entitlements; path = The_GlassRoom.entitlements; sourceTree = "<group>"; };
		937EA5C92A0CDBE1005F11C5 /* GlassRoomAPI */ = {isa = PBXFileReference; lastKnownFileType = wrapper; path = GlassRoomAPI; sourceTree = "<group>"; };
		938300ED2A0FBB4C006581B8 /* SidebarOutlineView.swift */ = {isa = PBXFileReference; lastKnownFileType = sourcecode.swift; path = SidebarOutlineView.swift; sourceTree = "<group>"; };
		938300EF2A0FC009006581B8 /* SidebarOutlineMenu.swift */ = {isa = PBXFileReference; lastKnownFileType = sourcecode.swift; path = SidebarOutlineMenu.swift; sourceTree = "<group>"; };
		938883222A5036F600EAD9F1 /* SidebarListView.swift */ = {isa = PBXFileReference; lastKnownFileType = sourcecode.swift; path = SidebarListView.swift; sourceTree = "<group>"; };
		939FCB6F2A1C83D2002B4C3B /* CourseWorkTeacherSubmissionsView.swift */ = {isa = PBXFileReference; lastKnownFileType = sourcecode.swift; path = CourseWorkTeacherSubmissionsView.swift; sourceTree = "<group>"; };
		939FCB712A1C848E002B4C3B /* CourseWorkStudentSubmissionView.swift */ = {isa = PBXFileReference; lastKnownFileType = sourcecode.swift; path = CourseWorkStudentSubmissionView.swift; sourceTree = "<group>"; };
		93A201B22A1B9E0E00EDECD0 /* CourseResourcesListView.swift */ = {isa = PBXFileReference; lastKnownFileType = sourcecode.swift; path = CourseResourcesListView.swift; sourceTree = "<group>"; };
		93ACB2392A106F550040C88E /* SearchView.swift */ = {isa = PBXFileReference; lastKnownFileType = sourcecode.swift; path = SearchView.swift; sourceTree = "<group>"; };
		93ACB2422A10D0FF0040C88E /* CoursePost.swift */ = {isa = PBXFileReference; lastKnownFileType = sourcecode.swift; path = CoursePost.swift; sourceTree = "<group>"; };
		93ACB2462A10D5C00040C88E /* SegmentedControl.swift */ = {isa = PBXFileReference; lastKnownFileType = sourcecode.swift; path = SegmentedControl.swift; sourceTree = "<group>"; };
		93ACB2482A10D8930040C88E /* CenterSplitViewToolbarTop.swift */ = {isa = PBXFileReference; lastKnownFileType = sourcecode.swift; path = CenterSplitViewToolbarTop.swift; sourceTree = "<group>"; };
		93AED68E2A1744110005854C /* README.md */ = {isa = PBXFileReference; lastKnownFileType = net.daringfireball.markdown; path = README.md; sourceTree = "<group>"; };
		93AED68F2A1769DA0005854C /* GlobalUserProfilesDataManager.swift */ = {isa = PBXFileReference; lastKnownFileType = sourcecode.swift; path = GlobalUserProfilesDataManager.swift; sourceTree = "<group>"; };
		93AED6912A1781A50005854C /* CourseRegisterListView.swift */ = {isa = PBXFileReference; lastKnownFileType = sourcecode.swift; path = CourseRegisterListView.swift; sourceTree = "<group>"; };
		93AED6932A179D9F0005854C /* CourseRegisterItem.swift */ = {isa = PBXFileReference; lastKnownFileType = sourcecode.swift; path = CourseRegisterItem.swift; sourceTree = "<group>"; };
		93CAF74F2A2CBF7C005D265E /* SymbolPicker+SwiftUI.swift */ = {isa = PBXFileReference; lastKnownFileType = sourcecode.swift; path = "SymbolPicker+SwiftUI.swift"; sourceTree = "<group>"; };
		93E0B8B32A136DD400ED917A /* CustomisationView.swift */ = {isa = PBXFileReference; lastKnownFileType = sourcecode.swift; path = CustomisationView.swift; sourceTree = "<group>"; };
		93F229732A10DD0200B44C85 /* GeneralCourse.swift */ = {isa = PBXFileReference; lastKnownFileType = sourcecode.swift; path = GeneralCourse.swift; sourceTree = "<group>"; };
		93F229752A10E5B800B44C85 /* UniversalCoursePostListView.swift */ = {isa = PBXFileReference; lastKnownFileType = sourcecode.swift; path = UniversalCoursePostListView.swift; sourceTree = "<group>"; };
		93F229772A10E9CE00B44C85 /* Date+Format.swift */ = {isa = PBXFileReference; lastKnownFileType = sourcecode.swift; path = "Date+Format.swift"; sourceTree = "<group>"; };
		93F229792A10EA9D00B44C85 /* MultiCoursePostListView.swift */ = {isa = PBXFileReference; lastKnownFileType = sourcecode.swift; path = MultiCoursePostListView.swift; sourceTree = "<group>"; };
		F31A7B1B2A4E753000B50450 /* SidebarView.swift */ = {isa = PBXFileReference; lastKnownFileType = sourcecode.swift; path = SidebarView.swift; sourceTree = "<group>"; };
/* End PBXFileReference section */

/* Begin PBXFrameworksBuildPhase section */
		933F390C2A4438B4006E13AC /* Frameworks */ = {
			isa = PBXFrameworksBuildPhase;
			buildActionMask = 2147483647;
			files = (
				9346D7922A5022A6009FB2F2 /* SymbolPicker in Frameworks */,
				933F39A92A444537006E13AC /* GlassRoomTypes in Frameworks */,
				933F39612A443E18006E13AC /* GlassRoomAPI in Frameworks */,
				933F39652A443E28006E13AC /* GoogleSignIn in Frameworks */,
			);
			runOnlyForDeploymentPostprocessing = 0;
		};
		937EA5B32A0CD9F8005F11C5 /* Frameworks */ = {
			isa = PBXFrameworksBuildPhase;
			buildActionMask = 2147483647;
			files = (
				937C7D6C2A4FC7F400E38A6B /* SymbolPicker in Frameworks */,
				93757D5D2A0E73DA0063AB67 /* GoogleSignIn in Frameworks */,
				93757D702A0F29B60063AB67 /* GlassRoomAPI in Frameworks */,
				933F39AB2A44453F006E13AC /* GlassRoomTypes in Frameworks */,
			);
			runOnlyForDeploymentPostprocessing = 0;
		};
/* End PBXFrameworksBuildPhase section */

/* Begin PBXGroup section */
		6A08172B2A1705740000705F /* New Post */ = {
			isa = PBXGroup;
			children = (
				6A08172C2A1706120000705F /* CreateNewPostView.swift */,
			);
			path = "New Post";
			sourceTree = "<group>";
		};
		6AA058392A0FEB80005A9BDB /* Components */ = {
			isa = PBXGroup;
			children = (
				6AA0583A2A0FEB90005A9BDB /* LinkPreview.swift */,
				93ACB2462A10D5C00040C88E /* SegmentedControl.swift */,
				93362DCB2A2B47EF006303CA /* FittingGeometryReader.swift */,
				93761F382A2B81DF00E2008E /* TriStateToggle.swift */,
				933F39BC2A444936006E13AC /* ReverseMask.swift */,
			);
			path = Components;
			sourceTree = "<group>";
		};
		6AD406CE2A10B69200343500 /* Settings */ = {
			isa = PBXGroup;
			children = (
				6AD406CF2A10B6B100343500 /* SettingsView.swift */,
				93E0B8B32A136DD400ED917A /* CustomisationView.swift */,
				93757D672A0E7D280063AB67 /* SignInView.swift */,
			);
			path = Settings;
			sourceTree = "<group>";
		};
		6AD9CED72A0CE9E70078E5D3 /* UI */ = {
			isa = PBXGroup;
			children = (
				933F39BB2A444774006E13AC /* Components */,
				6AD9CED82A0CE9FC0078E5D3 /* Main */,
			);
			path = UI;
			sourceTree = "<group>";
		};
		6AD9CED82A0CE9FC0078E5D3 /* Main */ = {
			isa = PBXGroup;
			children = (
				93757D7C2A0FBAD20063AB67 /* Sidebar */,
			);
			path = Main;
			sourceTree = "<group>";
		};
		932647A82A2D66FB007CE470 /* Notes */ = {
			isa = PBXGroup;
			children = (
				932647A92A2D6709007CE470 /* NotesView.swift */,
			);
			path = Notes;
			sourceTree = "<group>";
		};
		933F39102A4438B4006E13AC /* The GlassRoom iOS */ = {
			isa = PBXGroup;
			children = (
				933F39C42A444F0E006E13AC /* The-GlassRoom-iOS-Info.plist */,
				938883212A5033F100EAD9F1 /* Application */,
				F31A7B1A2A4E752000B50450 /* UI */,
				933F39172A4438B5006E13AC /* Preview Content */,
			);
			path = "The GlassRoom iOS";
			sourceTree = "<group>";
		};
		933F39172A4438B5006E13AC /* Preview Content */ = {
			isa = PBXGroup;
			children = (
				933F39182A4438B5006E13AC /* Preview Assets.xcassets */,
			);
			path = "Preview Content";
			sourceTree = "<group>";
		};
		933F391D2A443934006E13AC /* Shared */ = {
			isa = PBXGroup;
			children = (
				933F39BF2A444967006E13AC /* TypeExtensions.swift */,
				933F39952A444321006E13AC /* UI */,
				93757D5E2A0E73F30063AB67 /* Model */,
			);
			path = Shared;
			sourceTree = "<group>";
		};
		933F39952A444321006E13AC /* UI */ = {
			isa = PBXGroup;
			children = (
				6AA058392A0FEB80005A9BDB /* Components */,
				933F39962A44432C006E13AC /* Main */,
				932647A82A2D66FB007CE470 /* Notes */,
				934317482A164AC300B16C6F /* Debug */,
				6AD406CE2A10B69200343500 /* Settings */,
			);
			path = UI;
			sourceTree = "<group>";
		};
		933F39962A44432C006E13AC /* Main */ = {
			isa = PBXGroup;
			children = (
				6AD9CED92A0CEA120078E5D3 /* MainView.swift */,
				F31A7B1D2A4E783A00B50450 /* Sidebar */,
				9373B01F2A10646500C8923B /* Center */,
				93ACB2382A106F450040C88E /* Detail */,
				6A08172B2A1705740000705F /* New Post */,
				93ACB2372A106F3D0040C88E /* Search */,
			);
			path = Main;
			sourceTree = "<group>";
		};
		933F39BB2A444774006E13AC /* Components */ = {
			isa = PBXGroup;
			children = (
				9359F6E12A1A20FD001A8A1F /* SplitView.swift */,
				93CAF74F2A2CBF7C005D265E /* SymbolPicker+SwiftUI.swift */,
			);
			path = Components;
			sourceTree = "<group>";
		};
		934317482A164AC300B16C6F /* Debug */ = {
			isa = PBXGroup;
			children = (
				934317492A164ADC00B16C6F /* DebugAPICallsView.swift */,
				9343174B2A164AE800B16C6F /* DebugLogsView.swift */,
			);
			path = Debug;
			sourceTree = "<group>";
		};
		93650B102A19A7B200F5D865 /* Post List */ = {
			isa = PBXGroup;
			children = (
				93F229792A10EA9D00B44C85 /* MultiCoursePostListView.swift */,
				934858052A123405008B84A7 /* SingleCoursePostListView.swift */,
				93F229752A10E5B800B44C85 /* UniversalCoursePostListView.swift */,
				93650B122A19A7E100F5D865 /* CoursePostListView.swift */,
				6AD406D32A10D96800343500 /* CoursePostItem.swift */,
				933DF79A2A203C10008C92E6 /* CourseSubmissionBadge.swift */,
			);
			path = "Post List";
			sourceTree = "<group>";
		};
		93650B112A19A7CE00F5D865 /* Register */ = {
			isa = PBXGroup;
			children = (
				93AED6912A1781A50005854C /* CourseRegisterListView.swift */,
				93AED6932A179D9F0005854C /* CourseRegisterItem.swift */,
			);
			path = Register;
			sourceTree = "<group>";
		};
		9373B01F2A10646500C8923B /* Center */ = {
			isa = PBXGroup;
			children = (
				93650B102A19A7B200F5D865 /* Post List */,
				93A201B12A1B9DF800EDECD0 /* Resource */,
				93650B112A19A7CE00F5D865 /* Register */,
				93757D732A0F9AC50063AB67 /* CenterSplitView.swift */,
				93ACB2482A10D8930040C88E /* CenterSplitViewToolbarTop.swift */,
			);
			path = Center;
			sourceTree = "<group>";
		};
		93757D5E2A0E73F30063AB67 /* Model */ = {
			isa = PBXGroup;
			children = (
				93757D772A0F9B9D0063AB67 /* DataManagers */,
				93757D602A0E74500063AB67 /* UserAuthModel.swift */,
				93757D622A0E79650063AB67 /* Secrets.swift */,
				93757D652A0E7B430063AB67 /* Secrets (Sensitive).swift */,
				93ACB2422A10D0FF0040C88E /* CoursePost.swift */,
				93F229732A10DD0200B44C85 /* GeneralCourse.swift */,
				93F229772A10E9CE00B44C85 /* Date+Format.swift */,
			);
			path = Model;
			sourceTree = "<group>";
		};
		93757D5F2A0E742E0063AB67 /* Application */ = {
			isa = PBXGroup;
			children = (
				937EA5B92A0CD9F8005F11C5 /* The_GlassRoomApp.swift */,
				937EA5BB2A0CD9F8005F11C5 /* ContentView.swift */,
				937EA5BD2A0CD9F9005F11C5 /* Assets.xcassets */,
			);
			path = Application;
			sourceTree = "<group>";
		};
		93757D6E2A0F29B60063AB67 /* Frameworks */ = {
			isa = PBXGroup;
			children = (
			);
			name = Frameworks;
			sourceTree = "<group>";
		};
		93757D772A0F9B9D0063AB67 /* DataManagers */ = {
			isa = PBXGroup;
			children = (
				93757D782A0F9BEB0063AB67 /* GlobalCoursesDataManager.swift */,
				9348580F2A133982008B84A7 /* GlobalCoursesDataManager+Configuration.swift */,
				93AED68F2A1769DA0005854C /* GlobalUserProfilesDataManager.swift */,
				934858022A11F7AA008B84A7 /* CoursePostsDataManager.swift */,
				934858072A1249CD008B84A7 /* CourseWorkSubmissionDataManager.swift */,
				93757D7A2A0F9E6D0063AB67 /* FileManager.swift */,
			);
			path = DataManagers;
			sourceTree = "<group>";
		};
		93757D7C2A0FBAD20063AB67 /* Sidebar */ = {
			isa = PBXGroup;
			children = (
				93757D712A0F9A240063AB67 /* SidebarView.swift */,
				93757D7D2A0FBAE70063AB67 /* SidebarOutlineViewController.swift */,
				938300ED2A0FBB4C006581B8 /* SidebarOutlineView.swift */,
				938300EF2A0FC009006581B8 /* SidebarOutlineMenu.swift */,
				9373FBEF2A16E9B3007AB503 /* RenameCourseGroupView.swift */,
			);
			path = Sidebar;
			sourceTree = "<group>";
		};
		937EA5AD2A0CD9F8005F11C5 = {
			isa = PBXGroup;
			children = (
				93AED68E2A1744110005854C /* README.md */,
				9359F6E32A1A3305001A8A1F /* PRIVACY.md */,
				937EA5C92A0CDBE1005F11C5 /* GlassRoomAPI */,
				937EA5B82A0CD9F8005F11C5 /* The GlassRoom */,
				933F39102A4438B4006E13AC /* The GlassRoom iOS */,
				933F391D2A443934006E13AC /* Shared */,
				937EA5B72A0CD9F8005F11C5 /* Products */,
				93757D6E2A0F29B60063AB67 /* Frameworks */,
				93ACB23D2A10B4370040C88E /* Recovered References */,
			);
			sourceTree = "<group>";
		};
		937EA5B72A0CD9F8005F11C5 /* Products */ = {
			isa = PBXGroup;
			children = (
				937EA5B62A0CD9F8005F11C5 /* The GlassRoom.app */,
				933F390F2A4438B4006E13AC /* The GlassRoom iOS.app */,
			);
			name = Products;
			sourceTree = "<group>";
		};
		937EA5B82A0CD9F8005F11C5 /* The GlassRoom */ = {
			isa = PBXGroup;
			children = (
				93757D692A0E7ED90063AB67 /* The-GlassRoom-Info.plist */,
				93757D5F2A0E742E0063AB67 /* Application */,
				6AD9CED72A0CE9E70078E5D3 /* UI */,
				937EA5BF2A0CD9F9005F11C5 /* Preview Content */,
				937EA5C22A0CD9F9005F11C5 /* The_GlassRoom.entitlements */,
			);
			path = "The GlassRoom";
			sourceTree = "<group>";
		};
		937EA5BF2A0CD9F9005F11C5 /* Preview Content */ = {
			isa = PBXGroup;
			children = (
				937EA5C02A0CD9F9005F11C5 /* Preview Assets.xcassets */,
			);
			path = "Preview Content";
			sourceTree = "<group>";
		};
		938883212A5033F100EAD9F1 /* Application */ = {
			isa = PBXGroup;
			children = (
				933F39112A4438B4006E13AC /* The_GlassRoom_iOSApp.swift */,
				933F39132A4438B4006E13AC /* ContentView.swift */,
				933F39152A4438B5006E13AC /* Assets.xcassets */,
			);
			path = Application;
			sourceTree = "<group>";
		};
		93A201B12A1B9DF800EDECD0 /* Resource */ = {
			isa = PBXGroup;
			children = (
				93A201B22A1B9E0E00EDECD0 /* CourseResourcesListView.swift */,
			);
			path = Resource;
			sourceTree = "<group>";
		};
		93ACB2372A106F3D0040C88E /* Search */ = {
			isa = PBXGroup;
			children = (
				93ACB2392A106F550040C88E /* SearchView.swift */,
			);
			path = Search;
			sourceTree = "<group>";
		};
		93ACB2382A106F450040C88E /* Detail */ = {
			isa = PBXGroup;
			children = (
				93757D752A0F9B220063AB67 /* DetailView.swift */,
				934858092A125DA1008B84A7 /* AnnouncementDetailView.swift */,
				9348580B2A125DAB008B84A7 /* CourseWorkDetailView.swift */,
				939FCB712A1C848E002B4C3B /* CourseWorkStudentSubmissionView.swift */,
				939FCB6F2A1C83D2002B4C3B /* CourseWorkTeacherSubmissionsView.swift */,
				9348580D2A125DB5008B84A7 /* CourseMaterialDetailView.swift */,
			);
			path = Detail;
			sourceTree = "<group>";
		};
		93ACB23D2A10B4370040C88E /* Recovered References */ = {
			isa = PBXGroup;
			children = (
			);
			name = "Recovered References";
			sourceTree = "<group>";
		};
		F31A7B1A2A4E752000B50450 /* UI */ = {
			isa = PBXGroup;
			children = (
				F31A7B1F2A4E7AE500B50450 /* Main */,
			);
			path = UI;
			sourceTree = "<group>";
		};
		F31A7B1D2A4E783A00B50450 /* Sidebar */ = {
			isa = PBXGroup;
			children = (
				93362DC92A2B20E1006303CA /* SidebarCourseView.swift */,
			);
			path = Sidebar;
			sourceTree = "<group>";
		};
		F31A7B1F2A4E7AE500B50450 /* Main */ = {
			isa = PBXGroup;
			children = (
				F31A7B1B2A4E753000B50450 /* SidebarView.swift */,
				938883222A5036F600EAD9F1 /* SidebarListView.swift */,
			);
			path = Main;
			sourceTree = "<group>";
		};
/* End PBXGroup section */

/* Begin PBXNativeTarget section */
		933F390E2A4438B4006E13AC /* The GlassRoom iOS */ = {
			isa = PBXNativeTarget;
			buildConfigurationList = 933F391A2A4438B5006E13AC /* Build configuration list for PBXNativeTarget "The GlassRoom iOS" */;
			buildPhases = (
				933F390B2A4438B4006E13AC /* Sources */,
				933F390C2A4438B4006E13AC /* Frameworks */,
				933F390D2A4438B4006E13AC /* Resources */,
			);
			buildRules = (
			);
			dependencies = (
			);
			name = "The GlassRoom iOS";
			packageProductDependencies = (
				933F39602A443E18006E13AC /* GlassRoomAPI */,
				933F39642A443E28006E13AC /* GoogleSignIn */,
				933F39A82A444537006E13AC /* GlassRoomTypes */,
				9346D7912A5022A6009FB2F2 /* SymbolPicker */,
			);
			productName = "The GlassRoom iOS";
			productReference = 933F390F2A4438B4006E13AC /* The GlassRoom iOS.app */;
			productType = "com.apple.product-type.application";
		};
		937EA5B52A0CD9F8005F11C5 /* The GlassRoom */ = {
			isa = PBXNativeTarget;
			buildConfigurationList = 937EA5C52A0CD9F9005F11C5 /* Build configuration list for PBXNativeTarget "The GlassRoom" */;
			buildPhases = (
				937EA5B22A0CD9F8005F11C5 /* Sources */,
				937EA5B32A0CD9F8005F11C5 /* Frameworks */,
				937EA5B42A0CD9F8005F11C5 /* Resources */,
			);
			buildRules = (
			);
			dependencies = (
			);
			name = "The GlassRoom";
			packageProductDependencies = (
				93757D5C2A0E73DA0063AB67 /* GoogleSignIn */,
				93757D6F2A0F29B60063AB67 /* GlassRoomAPI */,
				933F39AA2A44453F006E13AC /* GlassRoomTypes */,
				937C7D6B2A4FC7F400E38A6B /* SymbolPicker */,
			);
			productName = "The GlassRoom";
			productReference = 937EA5B62A0CD9F8005F11C5 /* The GlassRoom.app */;
			productType = "com.apple.product-type.application";
		};
/* End PBXNativeTarget section */

/* Begin PBXProject section */
		937EA5AE2A0CD9F8005F11C5 /* Project object */ = {
			isa = PBXProject;
			attributes = {
				BuildIndependentTargetsInParallel = 1;
				LastSwiftUpdateCheck = 1500;
				LastUpgradeCheck = 1500;
				TargetAttributes = {
					933F390E2A4438B4006E13AC = {
						CreatedOnToolsVersion = 15.0;
					};
					937EA5B52A0CD9F8005F11C5 = {
						CreatedOnToolsVersion = 14.3;
					};
				};
			};
			buildConfigurationList = 937EA5B12A0CD9F8005F11C5 /* Build configuration list for PBXProject "The GlassRoom" */;
			compatibilityVersion = "Xcode 14.0";
			developmentRegion = en;
			hasScannedForEncodings = 0;
			knownRegions = (
				en,
				Base,
			);
			mainGroup = 937EA5AD2A0CD9F8005F11C5;
			packageReferences = (
				93757D5B2A0E73DA0063AB67 /* XCRemoteSwiftPackageReference "GoogleSignIn-iOS" */,
				937C7D6A2A4FC7F400E38A6B /* XCRemoteSwiftPackageReference "SymbolPicker" */,
			);
			productRefGroup = 937EA5B72A0CD9F8005F11C5 /* Products */;
			projectDirPath = "";
			projectRoot = "";
			targets = (
				937EA5B52A0CD9F8005F11C5 /* The GlassRoom */,
				933F390E2A4438B4006E13AC /* The GlassRoom iOS */,
			);
		};
/* End PBXProject section */

/* Begin PBXResourcesBuildPhase section */
		933F390D2A4438B4006E13AC /* Resources */ = {
			isa = PBXResourcesBuildPhase;
			buildActionMask = 2147483647;
			files = (
				933F39192A4438B5006E13AC /* Preview Assets.xcassets in Resources */,
				933F39162A4438B5006E13AC /* Assets.xcassets in Resources */,
			);
			runOnlyForDeploymentPostprocessing = 0;
		};
		937EA5B42A0CD9F8005F11C5 /* Resources */ = {
			isa = PBXResourcesBuildPhase;
			buildActionMask = 2147483647;
			files = (
				937EA5C12A0CD9F9005F11C5 /* Preview Assets.xcassets in Resources */,
				937EA5BE2A0CD9F9005F11C5 /* Assets.xcassets in Resources */,
			);
			runOnlyForDeploymentPostprocessing = 0;
		};
/* End PBXResourcesBuildPhase section */

/* Begin PBXSourcesBuildPhase section */
		933F390B2A4438B4006E13AC /* Sources */ = {
			isa = PBXSourcesBuildPhase;
			buildActionMask = 2147483647;
			files = (
				933F39BA2A44475F006E13AC /* FittingGeometryReader.swift in Sources */,
				933F39542A443DFB006E13AC /* GeneralCourse.swift in Sources */,
				933F399B2A4444AF006E13AC /* UniversalCoursePostListView.swift in Sources */,
				933F39A52A4444CD006E13AC /* DebugAPICallsView.swift in Sources */,
				933F39992A4444AF006E13AC /* CoursePostItem.swift in Sources */,
				933F39562A443DFB006E13AC /* CourseWorkSubmissionDataManager.swift in Sources */,
				933F399A2A4444AF006E13AC /* SingleCoursePostListView.swift in Sources */,
				933F39AD2A4445A3006E13AC /* CourseWorkStudentSubmissionView.swift in Sources */,
				933F39142A4438B4006E13AC /* ContentView.swift in Sources */,
				933F39AE2A4445A3006E13AC /* AnnouncementDetailView.swift in Sources */,
				933F39A32A4444B5006E13AC /* CourseRegisterListView.swift in Sources */,
				933F39B52A44475F006E13AC /* LinkPreview.swift in Sources */,
				933F39A22A4444B5006E13AC /* CenterSplitViewToolbarTop.swift in Sources */,
				933F39B02A4445A3006E13AC /* CourseWorkTeacherSubmissionsView.swift in Sources */,
				933F39582A443DFB006E13AC /* Secrets (Sensitive).swift in Sources */,
				933F39A42A4444CD006E13AC /* DebugLogsView.swift in Sources */,
				933F395F2A443DFB006E13AC /* CoursePost.swift in Sources */,
				933F395C2A443DFB006E13AC /* UserAuthModel.swift in Sources */,
				933F39592A443DFB006E13AC /* GlobalCoursesDataManager+Configuration.swift in Sources */,
				933F39A12A4444B5006E13AC /* CenterSplitView.swift in Sources */,
				933F39B82A44475F006E13AC /* TriStateToggle.swift in Sources */,
				933F395B2A443DFB006E13AC /* FileManager.swift in Sources */,
				933F39572A443DFB006E13AC /* GlobalCoursesDataManager.swift in Sources */,
				933F39B32A444660006E13AC /* CreateNewPostView.swift in Sources */,
				F31A7B1E2A4E784300B50450 /* SidebarCourseView.swift in Sources */,
				933F39552A443DFB006E13AC /* Date+Format.swift in Sources */,
				933F399C2A4444AF006E13AC /* CoursePostListView.swift in Sources */,
				933F399E2A4444AF006E13AC /* CourseSubmissionBadge.swift in Sources */,
				933F39B92A44475F006E13AC /* SegmentedControl.swift in Sources */,
				933F39122A4438B4006E13AC /* The_GlassRoom_iOSApp.swift in Sources */,
				933F39A02A4444B5006E13AC /* CourseRegisterItem.swift in Sources */,
				933F39B12A4445A3006E13AC /* DetailView.swift in Sources */,
				938883232A5036F600EAD9F1 /* SidebarListView.swift in Sources */,
				933F39AF2A4445A3006E13AC /* CourseMaterialDetailView.swift in Sources */,
				F31A7B1C2A4E753000B50450 /* SidebarView.swift in Sources */,
				933F399F2A4444B2006E13AC /* CourseResourcesListView.swift in Sources */,
				933F39AC2A4445A3006E13AC /* CourseWorkDetailView.swift in Sources */,
				933F395A2A443DFB006E13AC /* CoursePostsDataManager.swift in Sources */,
				933F39982A44447B006E13AC /* SearchView.swift in Sources */,
				933F39BE2A44493C006E13AC /* ReverseMask.swift in Sources */,
				933F395E2A443DFB006E13AC /* Secrets.swift in Sources */,
				933F39C32A444D46006E13AC /* SignInView.swift in Sources */,
				933F39B22A444611006E13AC /* NotesView.swift in Sources */,
				933F399D2A4444AF006E13AC /* MultiCoursePostListView.swift in Sources */,
				933F39972A444339006E13AC /* MainView.swift in Sources */,
				933F395D2A443DFB006E13AC /* GlobalUserProfilesDataManager.swift in Sources */,
				933F39A72A4444E5006E13AC /* SettingsView.swift in Sources */,
				933F39A62A4444E5006E13AC /* CustomisationView.swift in Sources */,
				933F39C12A4449A2006E13AC /* TypeExtensions.swift in Sources */,
			);
			runOnlyForDeploymentPostprocessing = 0;
		};
		937EA5B22A0CD9F8005F11C5 /* Sources */ = {
			isa = PBXSourcesBuildPhase;
			buildActionMask = 2147483647;
			files = (
				6AD406D02A10B6B100343500 /* SettingsView.swift in Sources */,
				93362DCA2A2B20E1006303CA /* SidebarCourseView.swift in Sources */,
				6AA0583B2A0FEB90005A9BDB /* LinkPreview.swift in Sources */,
				93F229782A10E9CE00B44C85 /* Date+Format.swift in Sources */,
				93362DCC2A2B47EF006303CA /* FittingGeometryReader.swift in Sources */,
				932647AA2A2D6709007CE470 /* NotesView.swift in Sources */,
				93ACB23A2A106F550040C88E /* SearchView.swift in Sources */,
				93AED6922A1781A50005854C /* CourseRegisterListView.swift in Sources */,
				934858102A133982008B84A7 /* GlobalCoursesDataManager+Configuration.swift in Sources */,
				93761F392A2B81DF00E2008E /* TriStateToggle.swift in Sources */,
				93757D612A0E74500063AB67 /* UserAuthModel.swift in Sources */,
				93757D722A0F9A240063AB67 /* SidebarView.swift in Sources */,
				9348580A2A125DA1008B84A7 /* AnnouncementDetailView.swift in Sources */,
				9348580E2A125DB5008B84A7 /* CourseMaterialDetailView.swift in Sources */,
				6A08172D2A1706120000705F /* CreateNewPostView.swift in Sources */,
				939FCB702A1C83D2002B4C3B /* CourseWorkTeacherSubmissionsView.swift in Sources */,
				93ACB2492A10D8930040C88E /* CenterSplitViewToolbarTop.swift in Sources */,
				93757D682A0E7D280063AB67 /* SignInView.swift in Sources */,
				934858032A11F7AA008B84A7 /* CoursePostsDataManager.swift in Sources */,
				934858062A123405008B84A7 /* SingleCoursePostListView.swift in Sources */,
				93757D7B2A0F9E6D0063AB67 /* FileManager.swift in Sources */,
				938300F02A0FC009006581B8 /* SidebarOutlineMenu.swift in Sources */,
				9373FBF02A16E9B3007AB503 /* RenameCourseGroupView.swift in Sources */,
				93757D762A0F9B220063AB67 /* DetailView.swift in Sources */,
				939FCB722A1C848E002B4C3B /* CourseWorkStudentSubmissionView.swift in Sources */,
				93757D632A0E79650063AB67 /* Secrets.swift in Sources */,
				93E0B8B42A136DD400ED917A /* CustomisationView.swift in Sources */,
				93AED6942A179D9F0005854C /* CourseRegisterItem.swift in Sources */,
				93F229742A10DD0200B44C85 /* GeneralCourse.swift in Sources */,
				93757D792A0F9BEB0063AB67 /* GlobalCoursesDataManager.swift in Sources */,
				93AED6902A1769DA0005854C /* GlobalUserProfilesDataManager.swift in Sources */,
				9348580C2A125DAB008B84A7 /* CourseWorkDetailView.swift in Sources */,
				93F229762A10E5B800B44C85 /* UniversalCoursePostListView.swift in Sources */,
				9343174A2A164ADC00B16C6F /* DebugAPICallsView.swift in Sources */,
				93757D662A0E7B430063AB67 /* Secrets (Sensitive).swift in Sources */,
				933F39C02A444967006E13AC /* TypeExtensions.swift in Sources */,
				93650B132A19A7E100F5D865 /* CoursePostListView.swift in Sources */,
				93CAF7502A2CBF7C005D265E /* SymbolPicker+SwiftUI.swift in Sources */,
				934858082A1249CD008B84A7 /* CourseWorkSubmissionDataManager.swift in Sources */,
				9343174C2A164AE800B16C6F /* DebugLogsView.swift in Sources */,
				938300EE2A0FBB4C006581B8 /* SidebarOutlineView.swift in Sources */,
				9359F6E22A1A20FD001A8A1F /* SplitView.swift in Sources */,
				937EA5BC2A0CD9F8005F11C5 /* ContentView.swift in Sources */,
				933DF79B2A203C10008C92E6 /* CourseSubmissionBadge.swift in Sources */,
				6AD406D42A10D96800343500 /* CoursePostItem.swift in Sources */,
				93757D7E2A0FBAE70063AB67 /* SidebarOutlineViewController.swift in Sources */,
				93ACB2432A10D0FF0040C88E /* CoursePost.swift in Sources */,
				93F2297A2A10EA9D00B44C85 /* MultiCoursePostListView.swift in Sources */,
				6AD9CEDA2A0CEA120078E5D3 /* MainView.swift in Sources */,
				93757D742A0F9AC50063AB67 /* CenterSplitView.swift in Sources */,
				93A201B32A1B9E0E00EDECD0 /* CourseResourcesListView.swift in Sources */,
				93ACB2472A10D5C00040C88E /* SegmentedControl.swift in Sources */,
				933F39BD2A444936006E13AC /* ReverseMask.swift in Sources */,
				937EA5BA2A0CD9F8005F11C5 /* The_GlassRoomApp.swift in Sources */,
			);
			runOnlyForDeploymentPostprocessing = 0;
		};
/* End PBXSourcesBuildPhase section */

/* Begin XCBuildConfiguration section */
		933F391B2A4438B5006E13AC /* Debug */ = {
			isa = XCBuildConfiguration;
			buildSettings = {
				ASSETCATALOG_COMPILER_APPICON_NAME = AppIcon;
				ASSETCATALOG_COMPILER_GENERATE_SWIFT_ASSET_SYMBOL_EXTENSIONS = YES;
				ASSETCATALOG_COMPILER_GLOBAL_ACCENT_COLOR_NAME = AccentColor;
				CODE_SIGN_STYLE = Automatic;
				CURRENT_PROJECT_VERSION = 1;
				DEVELOPMENT_ASSET_PATHS = "\"The GlassRoom iOS/Preview Content\"";
				DEVELOPMENT_TEAM = DBBLGF84W3;
				ENABLE_PREVIEWS = YES;
				ENABLE_USER_SCRIPT_SANDBOXING = YES;
				GCC_C_LANGUAGE_STANDARD = gnu17;
				GENERATE_INFOPLIST_FILE = YES;
				INFOPLIST_FILE = "The-GlassRoom-iOS-Info.plist";
				INFOPLIST_KEY_CFBundleDisplayName = Glassroom;
				INFOPLIST_KEY_LSApplicationCategoryType = "public.app-category.education";
				INFOPLIST_KEY_UIApplicationSceneManifest_Generation = YES;
				INFOPLIST_KEY_UIApplicationSupportsIndirectInputEvents = YES;
				INFOPLIST_KEY_UILaunchScreen_Generation = YES;
				INFOPLIST_KEY_UISupportedInterfaceOrientations = UIInterfaceOrientationPortrait;
				INFOPLIST_KEY_UISupportedInterfaceOrientations_iPad = "UIInterfaceOrientationLandscapeLeft UIInterfaceOrientationLandscapeRight UIInterfaceOrientationPortrait UIInterfaceOrientationPortraitUpsideDown";
				IPHONEOS_DEPLOYMENT_TARGET = 16.4;
				LD_RUNPATH_SEARCH_PATHS = (
					"$(inherited)",
					"@executable_path/Frameworks",
				);
				LOCALIZATION_PREFERS_STRING_CATALOGS = YES;
				MARKETING_VERSION = 1.0;
				PRODUCT_BUNDLE_IDENTIFIER = "com.cheesetan.The-GlassRoom-iOS";
				PRODUCT_NAME = "$(TARGET_NAME)";
				SDKROOT = iphoneos;
				SUPPORTED_PLATFORMS = "iphoneos iphonesimulator";
				SUPPORTS_MACCATALYST = NO;
				SUPPORTS_MAC_DESIGNED_FOR_IPHONE_IPAD = NO;
				SUPPORTS_XR_DESIGNED_FOR_IPHONE_IPAD = NO;
				SWIFT_ACTIVE_COMPILATION_CONDITIONS = "DEBUG $(inherited)";
				SWIFT_EMIT_LOC_STRINGS = YES;
				SWIFT_VERSION = 5.0;
				TARGETED_DEVICE_FAMILY = "1,2";
			};
			name = Debug;
		};
		933F391C2A4438B5006E13AC /* Release */ = {
			isa = XCBuildConfiguration;
			buildSettings = {
				ASSETCATALOG_COMPILER_APPICON_NAME = AppIcon;
				ASSETCATALOG_COMPILER_GENERATE_SWIFT_ASSET_SYMBOL_EXTENSIONS = YES;
				ASSETCATALOG_COMPILER_GLOBAL_ACCENT_COLOR_NAME = AccentColor;
				CODE_SIGN_STYLE = Automatic;
				CURRENT_PROJECT_VERSION = 1;
				DEVELOPMENT_ASSET_PATHS = "\"The GlassRoom iOS/Preview Content\"";
				DEVELOPMENT_TEAM = DBBLGF84W3;
				ENABLE_PREVIEWS = YES;
				ENABLE_USER_SCRIPT_SANDBOXING = YES;
				GCC_C_LANGUAGE_STANDARD = gnu17;
				GENERATE_INFOPLIST_FILE = YES;
				INFOPLIST_FILE = "The-GlassRoom-iOS-Info.plist";
				INFOPLIST_KEY_CFBundleDisplayName = Glassroom;
				INFOPLIST_KEY_LSApplicationCategoryType = "public.app-category.education";
				INFOPLIST_KEY_UIApplicationSceneManifest_Generation = YES;
				INFOPLIST_KEY_UIApplicationSupportsIndirectInputEvents = YES;
				INFOPLIST_KEY_UILaunchScreen_Generation = YES;
				INFOPLIST_KEY_UISupportedInterfaceOrientations = UIInterfaceOrientationPortrait;
				INFOPLIST_KEY_UISupportedInterfaceOrientations_iPad = "UIInterfaceOrientationLandscapeLeft UIInterfaceOrientationLandscapeRight UIInterfaceOrientationPortrait UIInterfaceOrientationPortraitUpsideDown";
				IPHONEOS_DEPLOYMENT_TARGET = 16.4;
				LD_RUNPATH_SEARCH_PATHS = (
					"$(inherited)",
					"@executable_path/Frameworks",
				);
				LOCALIZATION_PREFERS_STRING_CATALOGS = YES;
				MARKETING_VERSION = 1.0;
				PRODUCT_BUNDLE_IDENTIFIER = "com.cheesetan.The-GlassRoom-iOS";
				PRODUCT_NAME = "$(TARGET_NAME)";
				SDKROOT = iphoneos;
				SUPPORTED_PLATFORMS = "iphoneos iphonesimulator";
				SUPPORTS_MACCATALYST = NO;
				SUPPORTS_MAC_DESIGNED_FOR_IPHONE_IPAD = NO;
				SUPPORTS_XR_DESIGNED_FOR_IPHONE_IPAD = NO;
				SWIFT_EMIT_LOC_STRINGS = YES;
				SWIFT_VERSION = 5.0;
				TARGETED_DEVICE_FAMILY = "1,2";
				VALIDATE_PRODUCT = YES;
			};
			name = Release;
		};
		937EA5C32A0CD9F9005F11C5 /* Debug */ = {
			isa = XCBuildConfiguration;
			buildSettings = {
				ALWAYS_SEARCH_USER_PATHS = NO;
				CLANG_ANALYZER_NONNULL = YES;
				CLANG_ANALYZER_NUMBER_OBJECT_CONVERSION = YES_AGGRESSIVE;
				CLANG_CXX_LANGUAGE_STANDARD = "gnu++20";
				CLANG_ENABLE_MODULES = YES;
				CLANG_ENABLE_OBJC_ARC = YES;
				CLANG_ENABLE_OBJC_WEAK = YES;
				CLANG_WARN_BLOCK_CAPTURE_AUTORELEASING = YES;
				CLANG_WARN_BOOL_CONVERSION = YES;
				CLANG_WARN_COMMA = YES;
				CLANG_WARN_CONSTANT_CONVERSION = YES;
				CLANG_WARN_DEPRECATED_OBJC_IMPLEMENTATIONS = YES;
				CLANG_WARN_DIRECT_OBJC_ISA_USAGE = YES_ERROR;
				CLANG_WARN_DOCUMENTATION_COMMENTS = YES;
				CLANG_WARN_EMPTY_BODY = YES;
				CLANG_WARN_ENUM_CONVERSION = YES;
				CLANG_WARN_INFINITE_RECURSION = YES;
				CLANG_WARN_INT_CONVERSION = YES;
				CLANG_WARN_NON_LITERAL_NULL_CONVERSION = YES;
				CLANG_WARN_OBJC_IMPLICIT_RETAIN_SELF = YES;
				CLANG_WARN_OBJC_LITERAL_CONVERSION = YES;
				CLANG_WARN_OBJC_ROOT_CLASS = YES_ERROR;
				CLANG_WARN_QUOTED_INCLUDE_IN_FRAMEWORK_HEADER = YES;
				CLANG_WARN_RANGE_LOOP_ANALYSIS = YES;
				CLANG_WARN_STRICT_PROTOTYPES = YES;
				CLANG_WARN_SUSPICIOUS_MOVE = YES;
				CLANG_WARN_UNGUARDED_AVAILABILITY = YES_AGGRESSIVE;
				CLANG_WARN_UNREACHABLE_CODE = YES;
				CLANG_WARN__DUPLICATE_METHOD_MATCH = YES;
				COPY_PHASE_STRIP = NO;
				DEAD_CODE_STRIPPING = YES;
				DEBUG_INFORMATION_FORMAT = dwarf;
				ENABLE_STRICT_OBJC_MSGSEND = YES;
				ENABLE_TESTABILITY = YES;
				GCC_C_LANGUAGE_STANDARD = gnu11;
				GCC_DYNAMIC_NO_PIC = NO;
				GCC_NO_COMMON_BLOCKS = YES;
				GCC_OPTIMIZATION_LEVEL = 0;
				GCC_PREPROCESSOR_DEFINITIONS = (
					"DEBUG=1",
					"$(inherited)",
				);
				GCC_WARN_64_TO_32_BIT_CONVERSION = YES;
				GCC_WARN_ABOUT_RETURN_TYPE = YES_ERROR;
				GCC_WARN_UNDECLARED_SELECTOR = YES;
				GCC_WARN_UNINITIALIZED_AUTOS = YES_AGGRESSIVE;
				GCC_WARN_UNUSED_FUNCTION = YES;
				GCC_WARN_UNUSED_VARIABLE = YES;
				IPHONEOS_DEPLOYMENT_TARGET = 16.4;
				MACOSX_DEPLOYMENT_TARGET = 13.3;
				MTL_ENABLE_DEBUG_INFO = INCLUDE_SOURCE;
				MTL_FAST_MATH = YES;
				ONLY_ACTIVE_ARCH = YES;
				SDKROOT = macosx;
				SWIFT_ACTIVE_COMPILATION_CONDITIONS = DEBUG;
				SWIFT_OPTIMIZATION_LEVEL = "-Onone";
			};
			name = Debug;
		};
		937EA5C42A0CD9F9005F11C5 /* Release */ = {
			isa = XCBuildConfiguration;
			buildSettings = {
				ALWAYS_SEARCH_USER_PATHS = NO;
				CLANG_ANALYZER_NONNULL = YES;
				CLANG_ANALYZER_NUMBER_OBJECT_CONVERSION = YES_AGGRESSIVE;
				CLANG_CXX_LANGUAGE_STANDARD = "gnu++20";
				CLANG_ENABLE_MODULES = YES;
				CLANG_ENABLE_OBJC_ARC = YES;
				CLANG_ENABLE_OBJC_WEAK = YES;
				CLANG_WARN_BLOCK_CAPTURE_AUTORELEASING = YES;
				CLANG_WARN_BOOL_CONVERSION = YES;
				CLANG_WARN_COMMA = YES;
				CLANG_WARN_CONSTANT_CONVERSION = YES;
				CLANG_WARN_DEPRECATED_OBJC_IMPLEMENTATIONS = YES;
				CLANG_WARN_DIRECT_OBJC_ISA_USAGE = YES_ERROR;
				CLANG_WARN_DOCUMENTATION_COMMENTS = YES;
				CLANG_WARN_EMPTY_BODY = YES;
				CLANG_WARN_ENUM_CONVERSION = YES;
				CLANG_WARN_INFINITE_RECURSION = YES;
				CLANG_WARN_INT_CONVERSION = YES;
				CLANG_WARN_NON_LITERAL_NULL_CONVERSION = YES;
				CLANG_WARN_OBJC_IMPLICIT_RETAIN_SELF = YES;
				CLANG_WARN_OBJC_LITERAL_CONVERSION = YES;
				CLANG_WARN_OBJC_ROOT_CLASS = YES_ERROR;
				CLANG_WARN_QUOTED_INCLUDE_IN_FRAMEWORK_HEADER = YES;
				CLANG_WARN_RANGE_LOOP_ANALYSIS = YES;
				CLANG_WARN_STRICT_PROTOTYPES = YES;
				CLANG_WARN_SUSPICIOUS_MOVE = YES;
				CLANG_WARN_UNGUARDED_AVAILABILITY = YES_AGGRESSIVE;
				CLANG_WARN_UNREACHABLE_CODE = YES;
				CLANG_WARN__DUPLICATE_METHOD_MATCH = YES;
				COPY_PHASE_STRIP = NO;
				DEAD_CODE_STRIPPING = YES;
				DEBUG_INFORMATION_FORMAT = "dwarf-with-dsym";
				ENABLE_NS_ASSERTIONS = NO;
				ENABLE_STRICT_OBJC_MSGSEND = YES;
				GCC_C_LANGUAGE_STANDARD = gnu11;
				GCC_NO_COMMON_BLOCKS = YES;
				GCC_WARN_64_TO_32_BIT_CONVERSION = YES;
				GCC_WARN_ABOUT_RETURN_TYPE = YES_ERROR;
				GCC_WARN_UNDECLARED_SELECTOR = YES;
				GCC_WARN_UNINITIALIZED_AUTOS = YES_AGGRESSIVE;
				GCC_WARN_UNUSED_FUNCTION = YES;
				GCC_WARN_UNUSED_VARIABLE = YES;
				IPHONEOS_DEPLOYMENT_TARGET = 16.4;
				MACOSX_DEPLOYMENT_TARGET = 13.3;
				MTL_ENABLE_DEBUG_INFO = NO;
				MTL_FAST_MATH = YES;
				SDKROOT = macosx;
				SWIFT_COMPILATION_MODE = wholemodule;
				SWIFT_OPTIMIZATION_LEVEL = "-O";
			};
			name = Release;
		};
		937EA5C62A0CD9F9005F11C5 /* Debug */ = {
			isa = XCBuildConfiguration;
			buildSettings = {
				ASSETCATALOG_COMPILER_APPICON_NAME = AppIcon;
				ASSETCATALOG_COMPILER_GLOBAL_ACCENT_COLOR_NAME = AccentColor;
				CODE_SIGN_ENTITLEMENTS = "The GlassRoom/The_GlassRoom.entitlements";
				CODE_SIGN_IDENTITY = "Apple Development";
				CODE_SIGN_STYLE = Automatic;
				COMBINE_HIDPI_IMAGES = YES;
				CURRENT_PROJECT_VERSION = 1;
				DEAD_CODE_STRIPPING = YES;
				DEVELOPMENT_ASSET_PATHS = "\"The GlassRoom/Preview Content\"";
				DEVELOPMENT_TEAM = DBBLGF84W3;
				ENABLE_HARDENED_RUNTIME = YES;
				ENABLE_PREVIEWS = YES;
				GENERATE_INFOPLIST_FILE = YES;
				INFOPLIST_FILE = "The-GlassRoom-Info.plist";
				INFOPLIST_KEY_CFBundleDisplayName = Glassroom;
				INFOPLIST_KEY_LSApplicationCategoryType = "public.app-category.education";
				INFOPLIST_KEY_NSHumanReadableCopyright = "";
				LD_RUNPATH_SEARCH_PATHS = (
					"$(inherited)",
					"@executable_path/../Frameworks",
				);
				MARKETING_VERSION = 1.0;
				PRODUCT_BUNDLE_IDENTIFIER = "com.cheesetan.The-GlassRoom";
				PRODUCT_NAME = "$(TARGET_NAME)";
				PROVISIONING_PROFILE_SPECIFIER = "";
				SUPPORTED_PLATFORMS = macosx;
				SUPPORTS_MACCATALYST = NO;
				SUPPORTS_MAC_DESIGNED_FOR_IPHONE_IPAD = NO;
				SUPPORTS_XR_DESIGNED_FOR_IPHONE_IPAD = NO;
				SWIFT_EMIT_LOC_STRINGS = YES;
				SWIFT_VERSION = 5.0;
			};
			name = Debug;
		};
		937EA5C72A0CD9F9005F11C5 /* Release */ = {
			isa = XCBuildConfiguration;
			buildSettings = {
				ASSETCATALOG_COMPILER_APPICON_NAME = AppIcon;
				ASSETCATALOG_COMPILER_GLOBAL_ACCENT_COLOR_NAME = AccentColor;
				CODE_SIGN_ENTITLEMENTS = "The GlassRoom/The_GlassRoom.entitlements";
				"CODE_SIGN_IDENTITY[sdk=macosx*]" = "Apple Development";
				CODE_SIGN_STYLE = Automatic;
				COMBINE_HIDPI_IMAGES = YES;
				CURRENT_PROJECT_VERSION = 1;
				DEAD_CODE_STRIPPING = YES;
				DEVELOPMENT_ASSET_PATHS = "\"The GlassRoom/Preview Content\"";
				DEVELOPMENT_TEAM = DBBLGF84W3;
				ENABLE_HARDENED_RUNTIME = YES;
				ENABLE_PREVIEWS = YES;
				GENERATE_INFOPLIST_FILE = YES;
				INFOPLIST_FILE = "The-GlassRoom-Info.plist";
				INFOPLIST_KEY_CFBundleDisplayName = Glassroom;
				INFOPLIST_KEY_LSApplicationCategoryType = "public.app-category.education";
				INFOPLIST_KEY_NSHumanReadableCopyright = "";
				LD_RUNPATH_SEARCH_PATHS = (
					"$(inherited)",
					"@executable_path/../Frameworks",
				);
				MARKETING_VERSION = 1.0;
				PRODUCT_BUNDLE_IDENTIFIER = "com.cheesetan.The-GlassRoom";
				PRODUCT_NAME = "$(TARGET_NAME)";
				SUPPORTED_PLATFORMS = macosx;
				SUPPORTS_MACCATALYST = NO;
				SUPPORTS_MAC_DESIGNED_FOR_IPHONE_IPAD = NO;
				SUPPORTS_XR_DESIGNED_FOR_IPHONE_IPAD = NO;
				SWIFT_EMIT_LOC_STRINGS = YES;
				SWIFT_VERSION = 5.0;
			};
			name = Release;
		};
/* End XCBuildConfiguration section */

/* Begin XCConfigurationList section */
		933F391A2A4438B5006E13AC /* Build configuration list for PBXNativeTarget "The GlassRoom iOS" */ = {
			isa = XCConfigurationList;
			buildConfigurations = (
				933F391B2A4438B5006E13AC /* Debug */,
				933F391C2A4438B5006E13AC /* Release */,
			);
			defaultConfigurationIsVisible = 0;
			defaultConfigurationName = Release;
		};
		937EA5B12A0CD9F8005F11C5 /* Build configuration list for PBXProject "The GlassRoom" */ = {
			isa = XCConfigurationList;
			buildConfigurations = (
				937EA5C32A0CD9F9005F11C5 /* Debug */,
				937EA5C42A0CD9F9005F11C5 /* Release */,
			);
			defaultConfigurationIsVisible = 0;
			defaultConfigurationName = Release;
		};
		937EA5C52A0CD9F9005F11C5 /* Build configuration list for PBXNativeTarget "The GlassRoom" */ = {
			isa = XCConfigurationList;
			buildConfigurations = (
				937EA5C62A0CD9F9005F11C5 /* Debug */,
				937EA5C72A0CD9F9005F11C5 /* Release */,
			);
			defaultConfigurationIsVisible = 0;
			defaultConfigurationName = Release;
		};
/* End XCConfigurationList section */

/* Begin XCRemoteSwiftPackageReference section */
		93757D5B2A0E73DA0063AB67 /* XCRemoteSwiftPackageReference "GoogleSignIn-iOS" */ = {
			isa = XCRemoteSwiftPackageReference;
			repositoryURL = "https://github.com/google/GoogleSignIn-iOS";
			requirement = {
				kind = upToNextMajorVersion;
				minimumVersion = 7.0.0;
			};
		};
		937C7D6A2A4FC7F400E38A6B /* XCRemoteSwiftPackageReference "SymbolPicker" */ = {
			isa = XCRemoteSwiftPackageReference;
			repositoryURL = "https://github.com/xnth97/SymbolPicker.git";
			requirement = {
				kind = upToNextMajorVersion;
				minimumVersion = 1.4.2;
			};
		};
/* End XCRemoteSwiftPackageReference section */

/* Begin XCSwiftPackageProductDependency section */
		933F39602A443E18006E13AC /* GlassRoomAPI */ = {
			isa = XCSwiftPackageProductDependency;
			productName = GlassRoomAPI;
		};
		933F39642A443E28006E13AC /* GoogleSignIn */ = {
			isa = XCSwiftPackageProductDependency;
			package = 93757D5B2A0E73DA0063AB67 /* XCRemoteSwiftPackageReference "GoogleSignIn-iOS" */;
			productName = GoogleSignIn;
		};
		933F39A82A444537006E13AC /* GlassRoomTypes */ = {
			isa = XCSwiftPackageProductDependency;
			productName = GlassRoomTypes;
		};
		933F39AA2A44453F006E13AC /* GlassRoomTypes */ = {
			isa = XCSwiftPackageProductDependency;
			productName = GlassRoomTypes;
		};
		9346D7912A5022A6009FB2F2 /* SymbolPicker */ = {
			isa = XCSwiftPackageProductDependency;
			package = 937C7D6A2A4FC7F400E38A6B /* XCRemoteSwiftPackageReference "SymbolPicker" */;
			productName = SymbolPicker;
		};
		93757D5C2A0E73DA0063AB67 /* GoogleSignIn */ = {
			isa = XCSwiftPackageProductDependency;
			package = 93757D5B2A0E73DA0063AB67 /* XCRemoteSwiftPackageReference "GoogleSignIn-iOS" */;
			productName = GoogleSignIn;
		};
		93757D6F2A0F29B60063AB67 /* GlassRoomAPI */ = {
			isa = XCSwiftPackageProductDependency;
			productName = GlassRoomAPI;
		};
		937C7D6B2A4FC7F400E38A6B /* SymbolPicker */ = {
			isa = XCSwiftPackageProductDependency;
			package = 937C7D6A2A4FC7F400E38A6B /* XCRemoteSwiftPackageReference "SymbolPicker" */;
			productName = SymbolPicker;
		};
/* End XCSwiftPackageProductDependency section */
	};
	rootObject = 937EA5AE2A0CD9F8005F11C5 /* Project object */;
}
