// !$*UTF8*$!
{
	archiveVersion = 1;
	classes = {
	};
	objectVersion = 70;
	objects = {

/* Begin PBXBuildFile section */
		1DFA49D42EF2E80C00A61C81 /* GoogleSignIn in Frameworks */ = {isa = PBXBuildFile; productRef = 1DFA49D32EF2E80C00A61C81 /* GoogleSignIn */; };
		1DFA49D62EF2E80C00A61C81 /* GoogleSignInSwift in Frameworks */ = {isa = PBXBuildFile; productRef = 1DFA49D52EF2E80C00A61C81 /* GoogleSignInSwift */; };
		1DFA49D92EF2E82200A61C81 /* GoogleSignIn in Frameworks */ = {isa = PBXBuildFile; productRef = 1DFA49D82EF2E82200A61C81 /* GoogleSignIn */; };
		1DFA49DB2EF2E82200A61C81 /* GoogleSignInSwift in Frameworks */ = {isa = PBXBuildFile; productRef = 1DFA49DA2EF2E82200A61C81 /* GoogleSignInSwift */; };
		1DFA49E22EF2EFFB00A61C81 /* FirebaseAuth in Frameworks */ = {isa = PBXBuildFile; productRef = 1DFA49E12EF2EFFB00A61C81 /* FirebaseAuth */; };
		1DFA49E42EF2EFFB00A61C81 /* FirebaseCore in Frameworks */ = {isa = PBXBuildFile; productRef = 1DFA49E32EF2EFFB00A61C81 /* FirebaseCore */; };
		1DFA49E62EF2F07300A61C81 /* GoogleService-Info.plist in Resources */ = {isa = PBXBuildFile; fileRef = 1DFA49E52EF2F07200A61C81 /* GoogleService-Info.plist */; };
		1DFA49E72EF2F07300A61C81 /* GoogleService-Info.plist in Resources */ = {isa = PBXBuildFile; fileRef = 1DFA49E52EF2F07200A61C81 /* GoogleService-Info.plist */; };
		1DFA49E82EF2F07300A61C81 /* GoogleService-Info.plist in Resources */ = {isa = PBXBuildFile; fileRef = 1DFA49E52EF2F07200A61C81 /* GoogleService-Info.plist */; };
		1DFA49EB2EF2F6F100A61C81 /* FirebaseAuth in Frameworks */ = {isa = PBXBuildFile; productRef = 1DFA49EA2EF2F6F100A61C81 /* FirebaseAuth */; };
		1DFA49ED2EF2F6F100A61C81 /* FirebaseCore in Frameworks */ = {isa = PBXBuildFile; productRef = 1DFA49EC2EF2F6F100A61C81 /* FirebaseCore */; };
		1DFA49EF2EF2F70A00A61C81 /* FirebaseAuth in Frameworks */ = {isa = PBXBuildFile; productRef = 1DFA49EE2EF2F70A00A61C81 /* FirebaseAuth */; };
		1DFA49F12EF2F70A00A61C81 /* FirebaseCore in Frameworks */ = {isa = PBXBuildFile; productRef = 1DFA49F02EF2F70A00A61C81 /* FirebaseCore */; };
		933F39612A443E18006E13AC /* GlassRoomAPI in Frameworks */ = {isa = PBXBuildFile; productRef = 933F39602A443E18006E13AC /* GlassRoomAPI */; };
		933F39A92A444537006E13AC /* GlassRoomTypes in Frameworks */ = {isa = PBXBuildFile; productRef = 933F39A82A444537006E13AC /* GlassRoomTypes */; };
		9346D7922A5022A6009FB2F2 /* SymbolPicker in Frameworks */ = {isa = PBXBuildFile; productRef = 9346D7912A5022A6009FB2F2 /* SymbolPicker */; };
		935DEF5D2AD8213E005BF04E /* GlassRoomInterface in Frameworks */ = {isa = PBXBuildFile; productRef = 935DEF5C2AD8213E005BF04E /* GlassRoomInterface */; };
		F3B28C6E2A89DBDF002DB954 /* The-GlassRoom-Info.plist in Resources */ = {isa = PBXBuildFile; fileRef = F3B28C6D2A89DBDF002DB954 /* The-GlassRoom-Info.plist */; };
		F3D304A42B5634930097F57E /* RealityKitContent in Frameworks */ = {isa = PBXBuildFile; productRef = F3D304A32B5634930097F57E /* RealityKitContent */; };
		F3D304B32B5635170097F57E /* GlassRoomAPI in Frameworks */ = {isa = PBXBuildFile; productRef = F3D304B22B5635170097F57E /* GlassRoomAPI */; };
		F3D304B52B5635170097F57E /* GlassRoomInterface in Frameworks */ = {isa = PBXBuildFile; productRef = F3D304B42B5635170097F57E /* GlassRoomInterface */; };
		F3D304B72B5635170097F57E /* GlassRoomTypes in Frameworks */ = {isa = PBXBuildFile; productRef = F3D304B62B5635170097F57E /* GlassRoomTypes */; };
		F3D304BB2B56351D0097F57E /* SymbolPicker in Frameworks */ = {isa = PBXBuildFile; productRef = F3D304BA2B56351D0097F57E /* SymbolPicker */; };
		F3D304BD2B563B800097F57E /* GlassRoomAPI in Frameworks */ = {isa = PBXBuildFile; productRef = F3D304BC2B563B800097F57E /* GlassRoomAPI */; };
		F3D304BF2B563B800097F57E /* GlassRoomInterface in Frameworks */ = {isa = PBXBuildFile; productRef = F3D304BE2B563B800097F57E /* GlassRoomInterface */; };
		F3D304C12B563B800097F57E /* GlassRoomTypes in Frameworks */ = {isa = PBXBuildFile; productRef = F3D304C02B563B800097F57E /* GlassRoomTypes */; };
		F3D304C52B563B800097F57E /* SymbolPicker in Frameworks */ = {isa = PBXBuildFile; productRef = F3D304C42B563B800097F57E /* SymbolPicker */; };
/* End PBXBuildFile section */

/* Begin PBXFileReference section */
		1DFA49E52EF2F07200A61C81 /* GoogleService-Info.plist */ = {isa = PBXFileReference; lastKnownFileType = text.plist.xml; path = "GoogleService-Info.plist"; sourceTree = "<group>"; };
		933F390F2A4438B4006E13AC /* Glassroom​.app */ = {isa = PBXFileReference; explicitFileType = wrapper.application; includeInIndex = 0; path = "Glassroom​.app"; sourceTree = BUILT_PRODUCTS_DIR; };
		9359F6E32A1A3305001A8A1F /* PRIVACY.md */ = {isa = PBXFileReference; lastKnownFileType = net.daringfireball.markdown; path = PRIVACY.md; sourceTree = "<group>"; };
		937EA5B62A0CD9F8005F11C5 /* Glassroom.app */ = {isa = PBXFileReference; explicitFileType = wrapper.application; includeInIndex = 0; path = Glassroom.app; sourceTree = BUILT_PRODUCTS_DIR; };
		937EA5C92A0CDBE1005F11C5 /* GlassRoomAPI */ = {isa = PBXFileReference; lastKnownFileType = wrapper; path = GlassRoomAPI; sourceTree = "<group>"; };
		93AED68E2A1744110005854C /* README.md */ = {isa = PBXFileReference; lastKnownFileType = net.daringfireball.markdown; path = README.md; sourceTree = "<group>"; };
		F3B28C6D2A89DBDF002DB954 /* The-GlassRoom-Info.plist */ = {isa = PBXFileReference; fileEncoding = 4; lastKnownFileType = text.plist.xml; path = "The-GlassRoom-Info.plist"; sourceTree = "<group>"; };
		F3D3049F2B5634930097F57E /* Glassroom‌.app */ = {isa = PBXFileReference; explicitFileType = wrapper.application; includeInIndex = 0; path = "Glassroom‌.app"; sourceTree = BUILT_PRODUCTS_DIR; };
/* End PBXFileReference section */

/* Begin PBXFileSystemSynchronizedRootGroup section */
		1DDC1E0F2EF2DE9A0046EE15 /* Glassroom visionOS */ = {isa = PBXFileSystemSynchronizedRootGroup; explicitFileTypes = {}; explicitFolders = (); path = "Glassroom visionOS"; sourceTree = "<group>"; };
		1DDC1E152EF2DE9A0046EE15 /* Packages */ = {isa = PBXFileSystemSynchronizedRootGroup; explicitFileTypes = {}; explicitFolders = (); path = Packages; sourceTree = "<group>"; };
		1DDC1E4A2EF2DE9A0046EE15 /* Shared */ = {isa = PBXFileSystemSynchronizedRootGroup; explicitFileTypes = {}; explicitFolders = (); path = Shared; sourceTree = "<group>"; };
		1DDC1ED02EF2DE9A0046EE15 /* The GlassRoom */ = {isa = PBXFileSystemSynchronizedRootGroup; explicitFileTypes = {}; explicitFolders = (); path = "The GlassRoom"; sourceTree = "<group>"; };
		1DDC1F012EF2DF090046EE15 /* The GlassRoom iOS */ = {isa = PBXFileSystemSynchronizedRootGroup; explicitFileTypes = {}; explicitFolders = (); path = "The GlassRoom iOS"; sourceTree = "<group>"; };
/* End PBXFileSystemSynchronizedRootGroup section */

/* Begin PBXFrameworksBuildPhase section */
		933F390C2A4438B4006E13AC /* Frameworks */ = {
			isa = PBXFrameworksBuildPhase;
			buildActionMask = 2147483647;
			files = (
				1DFA49D92EF2E82200A61C81 /* GoogleSignIn in Frameworks */,
				9346D7922A5022A6009FB2F2 /* SymbolPicker in Frameworks */,
				933F39A92A444537006E13AC /* GlassRoomTypes in Frameworks */,
				1DFA49DB2EF2E82200A61C81 /* GoogleSignInSwift in Frameworks */,
				933F39612A443E18006E13AC /* GlassRoomAPI in Frameworks */,
				1DFA49EB2EF2F6F100A61C81 /* FirebaseAuth in Frameworks */,
				1DFA49ED2EF2F6F100A61C81 /* FirebaseCore in Frameworks */,
				935DEF5D2AD8213E005BF04E /* GlassRoomInterface in Frameworks */,
			);
			runOnlyForDeploymentPostprocessing = 0;
		};
		937EA5B32A0CD9F8005F11C5 /* Frameworks */ = {
			isa = PBXFrameworksBuildPhase;
			buildActionMask = 2147483647;
			files = (
				1DFA49D42EF2E80C00A61C81 /* GoogleSignIn in Frameworks */,
				F3D304C12B563B800097F57E /* GlassRoomTypes in Frameworks */,
				F3D304BF2B563B800097F57E /* GlassRoomInterface in Frameworks */,
				1DFA49D62EF2E80C00A61C81 /* GoogleSignInSwift in Frameworks */,
				F3D304BD2B563B800097F57E /* GlassRoomAPI in Frameworks */,
				1DFA49E22EF2EFFB00A61C81 /* FirebaseAuth in Frameworks */,
				1DFA49E42EF2EFFB00A61C81 /* FirebaseCore in Frameworks */,
				F3D304C52B563B800097F57E /* SymbolPicker in Frameworks */,
			);
			runOnlyForDeploymentPostprocessing = 0;
		};
		F3D3049C2B5634930097F57E /* Frameworks */ = {
			isa = PBXFrameworksBuildPhase;
			buildActionMask = 2147483647;
			files = (
				F3D304A42B5634930097F57E /* RealityKitContent in Frameworks */,
				1DFA49EF2EF2F70A00A61C81 /* FirebaseAuth in Frameworks */,
				F3D304BB2B56351D0097F57E /* SymbolPicker in Frameworks */,
				F3D304B32B5635170097F57E /* GlassRoomAPI in Frameworks */,
				1DFA49F12EF2F70A00A61C81 /* FirebaseCore in Frameworks */,
				F3D304B72B5635170097F57E /* GlassRoomTypes in Frameworks */,
				F3D304B52B5635170097F57E /* GlassRoomInterface in Frameworks */,
			);
			runOnlyForDeploymentPostprocessing = 0;
		};
/* End PBXFrameworksBuildPhase section */

/* Begin PBXGroup section */
		1DFA49E92EF2F6F100A61C81 /* Frameworks */ = {
			isa = PBXGroup;
			children = (
			);
			name = Frameworks;
			sourceTree = "<group>";
		};
		937EA5AD2A0CD9F8005F11C5 = {
			isa = PBXGroup;
			children = (
				93AED68E2A1744110005854C /* README.md */,
				9359F6E32A1A3305001A8A1F /* PRIVACY.md */,
				F3B28C6D2A89DBDF002DB954 /* The-GlassRoom-Info.plist */,
				1DFA49E52EF2F07200A61C81 /* GoogleService-Info.plist */,
				937EA5C92A0CDBE1005F11C5 /* GlassRoomAPI */,
				1DDC1ED02EF2DE9A0046EE15 /* The GlassRoom */,
				1DDC1F012EF2DF090046EE15 /* The GlassRoom iOS */,
				1DDC1E0F2EF2DE9A0046EE15 /* Glassroom visionOS */,
				1DDC1E4A2EF2DE9A0046EE15 /* Shared */,
				1DDC1E152EF2DE9A0046EE15 /* Packages */,
				1DFA49E92EF2F6F100A61C81 /* Frameworks */,
				937EA5B72A0CD9F8005F11C5 /* Products */,
			);
			sourceTree = "<group>";
		};
		937EA5B72A0CD9F8005F11C5 /* Products */ = {
			isa = PBXGroup;
			children = (
				937EA5B62A0CD9F8005F11C5 /* Glassroom.app */,
				933F390F2A4438B4006E13AC /* Glassroom​.app */,
				F3D3049F2B5634930097F57E /* Glassroom‌.app */,
			);
			name = Products;
			sourceTree = "<group>";
		};
/* End PBXGroup section */

/* Begin PBXNativeTarget section */
		933F390E2A4438B4006E13AC /* Glassroom​ */ = {
			isa = PBXNativeTarget;
			buildConfigurationList = 933F391A2A4438B5006E13AC /* Build configuration list for PBXNativeTarget "Glassroom​" */;
			buildPhases = (
				933F390B2A4438B4006E13AC /* Sources */,
				933F390C2A4438B4006E13AC /* Frameworks */,
				933F390D2A4438B4006E13AC /* Resources */,
			);
			buildRules = (
			);
			dependencies = (
			);
			fileSystemSynchronizedGroups = (
				1DDC1E4A2EF2DE9A0046EE15 /* Shared */,
				1DDC1F012EF2DF090046EE15 /* The GlassRoom iOS */,
			);
			name = "Glassroom​";
			packageProductDependencies = (
				933F39602A443E18006E13AC /* GlassRoomAPI */,
				933F39A82A444537006E13AC /* GlassRoomTypes */,
				9346D7912A5022A6009FB2F2 /* SymbolPicker */,
				935DEF5C2AD8213E005BF04E /* GlassRoomInterface */,
				1DFA49D82EF2E82200A61C81 /* GoogleSignIn */,
				1DFA49DA2EF2E82200A61C81 /* GoogleSignInSwift */,
				1DFA49EA2EF2F6F100A61C81 /* FirebaseAuth */,
				1DFA49EC2EF2F6F100A61C81 /* FirebaseCore */,
			);
			productName = "The GlassRoom iOS";
			productReference = 933F390F2A4438B4006E13AC /* Glassroom​.app */;
			productType = "com.apple.product-type.application";
		};
		937EA5B52A0CD9F8005F11C5 /* Glassroom */ = {
			isa = PBXNativeTarget;
			buildConfigurationList = 937EA5C52A0CD9F9005F11C5 /* Build configuration list for PBXNativeTarget "Glassroom" */;
			buildPhases = (
				937EA5B22A0CD9F8005F11C5 /* Sources */,
				937EA5B32A0CD9F8005F11C5 /* Frameworks */,
				937EA5B42A0CD9F8005F11C5 /* Resources */,
			);
			buildRules = (
			);
			dependencies = (
			);
			fileSystemSynchronizedGroups = (
				1DDC1E4A2EF2DE9A0046EE15 /* Shared */,
				1DDC1ED02EF2DE9A0046EE15 /* The GlassRoom */,
			);
			name = Glassroom;
			packageProductDependencies = (
				F3D304BC2B563B800097F57E /* GlassRoomAPI */,
				F3D304BE2B563B800097F57E /* GlassRoomInterface */,
				F3D304C02B563B800097F57E /* GlassRoomTypes */,
				F3D304C42B563B800097F57E /* SymbolPicker */,
				1DFA49D32EF2E80C00A61C81 /* GoogleSignIn */,
				1DFA49D52EF2E80C00A61C81 /* GoogleSignInSwift */,
				1DFA49E12EF2EFFB00A61C81 /* FirebaseAuth */,
				1DFA49E32EF2EFFB00A61C81 /* FirebaseCore */,
			);
			productName = "The GlassRoom";
			productReference = 937EA5B62A0CD9F8005F11C5 /* Glassroom.app */;
			productType = "com.apple.product-type.application";
		};
		F3D3049E2B5634930097F57E /* Glassroom‌ */ = {
			isa = PBXNativeTarget;
			buildConfigurationList = F3D304B12B5634960097F57E /* Build configuration list for PBXNativeTarget "Glassroom‌" */;
			buildPhases = (
				F3D3049B2B5634930097F57E /* Sources */,
				F3D3049C2B5634930097F57E /* Frameworks */,
				F3D3049D2B5634930097F57E /* Resources */,
			);
			buildRules = (
			);
			dependencies = (
			);
			fileSystemSynchronizedGroups = (
				1DDC1E0F2EF2DE9A0046EE15 /* Glassroom visionOS */,
				1DDC1E4A2EF2DE9A0046EE15 /* Shared */,
			);
			name = "Glassroom‌";
			packageProductDependencies = (
				F3D304A32B5634930097F57E /* RealityKitContent */,
				F3D304B22B5635170097F57E /* GlassRoomAPI */,
				F3D304B42B5635170097F57E /* GlassRoomInterface */,
				F3D304B62B5635170097F57E /* GlassRoomTypes */,
				F3D304BA2B56351D0097F57E /* SymbolPicker */,
				1DFA49EE2EF2F70A00A61C81 /* FirebaseAuth */,
				1DFA49F02EF2F70A00A61C81 /* FirebaseCore */,
			);
			productName = "Glassroom visionOS";
			productReference = F3D3049F2B5634930097F57E /* Glassroom‌.app */;
			productType = "com.apple.product-type.application";
		};
/* End PBXNativeTarget section */

/* Begin PBXProject section */
		937EA5AE2A0CD9F8005F11C5 /* Project object */ = {
			isa = PBXProject;
			attributes = {
				BuildIndependentTargetsInParallel = 1;
				LastSwiftUpdateCheck = 1520;
				LastUpgradeCheck = 1500;
				TargetAttributes = {
					933F390E2A4438B4006E13AC = {
						CreatedOnToolsVersion = 15.0;
					};
					937EA5B52A0CD9F8005F11C5 = {
						CreatedOnToolsVersion = 14.3;
					};
					F3D3049E2B5634930097F57E = {
						CreatedOnToolsVersion = 15.2;
					};
				};
			};
			buildConfigurationList = 937EA5B12A0CD9F8005F11C5 /* Build configuration list for PBXProject "The GlassRoom" */;
			compatibilityVersion = "Xcode 14.0";
			developmentRegion = en;
			hasScannedForEncodings = 0;
			knownRegions = (
				en,
				Base,
			);
			mainGroup = 937EA5AD2A0CD9F8005F11C5;
			packageReferences = (
				937C7D6A2A4FC7F400E38A6B /* XCRemoteSwiftPackageReference "SymbolPicker" */,
				F3CFC6DF2A95968B00E66D34 /* XCRemoteSwiftPackageReference "KeyboardShortcuts" */,
				1DFA49D22EF2E80C00A61C81 /* XCRemoteSwiftPackageReference "GoogleSignIn-iOS" */,
				1DFA49E02EF2EFFB00A61C81 /* XCRemoteSwiftPackageReference "firebase-ios-sdk" */,
			);
			productRefGroup = 937EA5B72A0CD9F8005F11C5 /* Products */;
			projectDirPath = "";
			projectRoot = "";
			targets = (
				937EA5B52A0CD9F8005F11C5 /* Glassroom */,
				933F390E2A4438B4006E13AC /* Glassroom​ */,
				F3D3049E2B5634930097F57E /* Glassroom‌ */,
			);
		};
/* End PBXProject section */

/* Begin PBXResourcesBuildPhase section */
		933F390D2A4438B4006E13AC /* Resources */ = {
			isa = PBXResourcesBuildPhase;
			buildActionMask = 2147483647;
			files = (
				1DFA49E82EF2F07300A61C81 /* GoogleService-Info.plist in Resources */,
			);
			runOnlyForDeploymentPostprocessing = 0;
		};
		937EA5B42A0CD9F8005F11C5 /* Resources */ = {
			isa = PBXResourcesBuildPhase;
			buildActionMask = 2147483647;
			files = (
				1DFA49E62EF2F07300A61C81 /* GoogleService-Info.plist in Resources */,
				F3B28C6E2A89DBDF002DB954 /* The-GlassRoom-Info.plist in Resources */,
			);
			runOnlyForDeploymentPostprocessing = 0;
		};
		F3D3049D2B5634930097F57E /* Resources */ = {
			isa = PBXResourcesBuildPhase;
			buildActionMask = 2147483647;
			files = (
				1DFA49E72EF2F07300A61C81 /* GoogleService-Info.plist in Resources */,
			);
			runOnlyForDeploymentPostprocessing = 0;
		};
/* End PBXResourcesBuildPhase section */

/* Begin PBXSourcesBuildPhase section */
		933F390B2A4438B4006E13AC /* Sources */ = {
			isa = PBXSourcesBuildPhase;
			buildActionMask = 2147483647;
			files = (
			);
			runOnlyForDeploymentPostprocessing = 0;
		};
		937EA5B22A0CD9F8005F11C5 /* Sources */ = {
			isa = PBXSourcesBuildPhase;
			buildActionMask = 2147483647;
			files = (
			);
			runOnlyForDeploymentPostprocessing = 0;
		};
		F3D3049B2B5634930097F57E /* Sources */ = {
			isa = PBXSourcesBuildPhase;
			buildActionMask = 2147483647;
			files = (
			);
			runOnlyForDeploymentPostprocessing = 0;
		};
/* End PBXSourcesBuildPhase section */

/* Begin XCBuildConfiguration section */
		933F391B2A4438B5006E13AC /* Debug */ = {
			isa = XCBuildConfiguration;
			buildSettings = {
				ASSETCATALOG_COMPILER_APPICON_NAME = AppIcon;
				ASSETCATALOG_COMPILER_GENERATE_SWIFT_ASSET_SYMBOL_EXTENSIONS = YES;
				ASSETCATALOG_COMPILER_GLOBAL_ACCENT_COLOR_NAME = AccentColor;
				CODE_SIGN_STYLE = Automatic;
				CURRENT_PROJECT_VERSION = 1;
				DEVELOPMENT_ASSET_PATHS = "";
				DEVELOPMENT_TEAM = 7K6ZTDFM48;
				ENABLE_PREVIEWS = YES;
				ENABLE_USER_SCRIPT_SANDBOXING = YES;
				GCC_C_LANGUAGE_STANDARD = gnu17;
				GENERATE_INFOPLIST_FILE = YES;
				INFOPLIST_FILE = "The-GlassRoom-Info.plist";
				INFOPLIST_KEY_CFBundleDisplayName = Glassroom;
				INFOPLIST_KEY_LSApplicationCategoryType = "public.app-category.education";
				INFOPLIST_KEY_UIApplicationSceneManifest_Generation = YES;
				INFOPLIST_KEY_UIApplicationSupportsIndirectInputEvents = YES;
				INFOPLIST_KEY_UILaunchScreen_Generation = YES;
				INFOPLIST_KEY_UISupportedInterfaceOrientations = UIInterfaceOrientationPortrait;
				INFOPLIST_KEY_UISupportedInterfaceOrientations_iPad = "UIInterfaceOrientationLandscapeLeft UIInterfaceOrientationLandscapeRight UIInterfaceOrientationPortrait UIInterfaceOrientationPortraitUpsideDown";
				IPHONEOS_DEPLOYMENT_TARGET = 16.4;
				LD_RUNPATH_SEARCH_PATHS = (
					"$(inherited)",
					"@executable_path/Frameworks",
				);
				LOCALIZATION_PREFERS_STRING_CATALOGS = YES;
				MARKETING_VERSION = 1.1;
				PRODUCT_BUNDLE_IDENTIFIER = "org.sstinc.the-glassroom";
				PRODUCT_NAME = "$(TARGET_NAME)";
				SDKROOT = iphoneos;
				SUPPORTED_PLATFORMS = "iphoneos iphonesimulator";
				SUPPORTS_MACCATALYST = NO;
				SUPPORTS_MAC_DESIGNED_FOR_IPHONE_IPAD = NO;
				SUPPORTS_XR_DESIGNED_FOR_IPHONE_IPAD = YES;
				SWIFT_ACTIVE_COMPILATION_CONDITIONS = "DEBUG $(inherited)";
				SWIFT_EMIT_LOC_STRINGS = YES;
				SWIFT_VERSION = 5.0;
				TARGETED_DEVICE_FAMILY = "1,2";
			};
			name = Debug;
		};
		933F391C2A4438B5006E13AC /* Release */ = {
			isa = XCBuildConfiguration;
			buildSettings = {
				ASSETCATALOG_COMPILER_APPICON_NAME = AppIcon;
				ASSETCATALOG_COMPILER_GENERATE_SWIFT_ASSET_SYMBOL_EXTENSIONS = YES;
				ASSETCATALOG_COMPILER_GLOBAL_ACCENT_COLOR_NAME = AccentColor;
				CODE_SIGN_STYLE = Automatic;
				CURRENT_PROJECT_VERSION = 1;
				DEVELOPMENT_ASSET_PATHS = "";
				DEVELOPMENT_TEAM = 7K6ZTDFM48;
				ENABLE_PREVIEWS = YES;
				ENABLE_USER_SCRIPT_SANDBOXING = YES;
				GCC_C_LANGUAGE_STANDARD = gnu17;
				GENERATE_INFOPLIST_FILE = YES;
				INFOPLIST_FILE = "The-GlassRoom-Info.plist";
				INFOPLIST_KEY_CFBundleDisplayName = Glassroom;
				INFOPLIST_KEY_LSApplicationCategoryType = "public.app-category.education";
				INFOPLIST_KEY_UIApplicationSceneManifest_Generation = YES;
				INFOPLIST_KEY_UIApplicationSupportsIndirectInputEvents = YES;
				INFOPLIST_KEY_UILaunchScreen_Generation = YES;
				INFOPLIST_KEY_UISupportedInterfaceOrientations = UIInterfaceOrientationPortrait;
				INFOPLIST_KEY_UISupportedInterfaceOrientations_iPad = "UIInterfaceOrientationLandscapeLeft UIInterfaceOrientationLandscapeRight UIInterfaceOrientationPortrait UIInterfaceOrientationPortraitUpsideDown";
				IPHONEOS_DEPLOYMENT_TARGET = 16.4;
				LD_RUNPATH_SEARCH_PATHS = (
					"$(inherited)",
					"@executable_path/Frameworks",
				);
				LOCALIZATION_PREFERS_STRING_CATALOGS = YES;
				MARKETING_VERSION = 1.1;
				PRODUCT_BUNDLE_IDENTIFIER = "org.sstinc.the-glassroom";
				PRODUCT_NAME = "$(TARGET_NAME)";
				SDKROOT = iphoneos;
				SUPPORTED_PLATFORMS = "iphoneos iphonesimulator";
				SUPPORTS_MACCATALYST = NO;
				SUPPORTS_MAC_DESIGNED_FOR_IPHONE_IPAD = NO;
				SUPPORTS_XR_DESIGNED_FOR_IPHONE_IPAD = YES;
				SWIFT_EMIT_LOC_STRINGS = YES;
				SWIFT_VERSION = 5.0;
				TARGETED_DEVICE_FAMILY = "1,2";
				VALIDATE_PRODUCT = YES;
			};
			name = Release;
		};
		937EA5C32A0CD9F9005F11C5 /* Debug */ = {
			isa = XCBuildConfiguration;
			buildSettings = {
				ALWAYS_SEARCH_USER_PATHS = NO;
				CLANG_ANALYZER_NONNULL = YES;
				CLANG_ANALYZER_NUMBER_OBJECT_CONVERSION = YES_AGGRESSIVE;
				CLANG_CXX_LANGUAGE_STANDARD = "gnu++20";
				CLANG_ENABLE_MODULES = YES;
				CLANG_ENABLE_OBJC_ARC = YES;
				CLANG_ENABLE_OBJC_WEAK = YES;
				CLANG_WARN_BLOCK_CAPTURE_AUTORELEASING = YES;
				CLANG_WARN_BOOL_CONVERSION = YES;
				CLANG_WARN_COMMA = YES;
				CLANG_WARN_CONSTANT_CONVERSION = YES;
				CLANG_WARN_DEPRECATED_OBJC_IMPLEMENTATIONS = YES;
				CLANG_WARN_DIRECT_OBJC_ISA_USAGE = YES_ERROR;
				CLANG_WARN_DOCUMENTATION_COMMENTS = YES;
				CLANG_WARN_EMPTY_BODY = YES;
				CLANG_WARN_ENUM_CONVERSION = YES;
				CLANG_WARN_INFINITE_RECURSION = YES;
				CLANG_WARN_INT_CONVERSION = YES;
				CLANG_WARN_NON_LITERAL_NULL_CONVERSION = YES;
				CLANG_WARN_OBJC_IMPLICIT_RETAIN_SELF = YES;
				CLANG_WARN_OBJC_LITERAL_CONVERSION = YES;
				CLANG_WARN_OBJC_ROOT_CLASS = YES_ERROR;
				CLANG_WARN_QUOTED_INCLUDE_IN_FRAMEWORK_HEADER = YES;
				CLANG_WARN_RANGE_LOOP_ANALYSIS = YES;
				CLANG_WARN_STRICT_PROTOTYPES = YES;
				CLANG_WARN_SUSPICIOUS_MOVE = YES;
				CLANG_WARN_UNGUARDED_AVAILABILITY = YES_AGGRESSIVE;
				CLANG_WARN_UNREACHABLE_CODE = YES;
				CLANG_WARN__DUPLICATE_METHOD_MATCH = YES;
				COPY_PHASE_STRIP = NO;
				DEAD_CODE_STRIPPING = YES;
				DEBUG_INFORMATION_FORMAT = dwarf;
				ENABLE_STRICT_OBJC_MSGSEND = YES;
				ENABLE_TESTABILITY = YES;
				GCC_C_LANGUAGE_STANDARD = gnu11;
				GCC_DYNAMIC_NO_PIC = NO;
				GCC_NO_COMMON_BLOCKS = YES;
				GCC_OPTIMIZATION_LEVEL = 0;
				GCC_PREPROCESSOR_DEFINITIONS = (
					"DEBUG=1",
					"$(inherited)",
				);
				GCC_WARN_64_TO_32_BIT_CONVERSION = YES;
				GCC_WARN_ABOUT_RETURN_TYPE = YES_ERROR;
				GCC_WARN_UNDECLARED_SELECTOR = YES;
				GCC_WARN_UNINITIALIZED_AUTOS = YES_AGGRESSIVE;
				GCC_WARN_UNUSED_FUNCTION = YES;
				GCC_WARN_UNUSED_VARIABLE = YES;
				IPHONEOS_DEPLOYMENT_TARGET = 16.4;
				MACOSX_DEPLOYMENT_TARGET = 13.3;
				MTL_ENABLE_DEBUG_INFO = INCLUDE_SOURCE;
				MTL_FAST_MATH = YES;
				ONLY_ACTIVE_ARCH = YES;
				SDKROOT = macosx;
				SWIFT_ACTIVE_COMPILATION_CONDITIONS = DEBUG;
				SWIFT_OPTIMIZATION_LEVEL = "-Onone";
				XROS_DEPLOYMENT_TARGET = 1.0;
			};
			name = Debug;
		};
		937EA5C42A0CD9F9005F11C5 /* Release */ = {
			isa = XCBuildConfiguration;
			buildSettings = {
				ALWAYS_SEARCH_USER_PATHS = NO;
				CLANG_ANALYZER_NONNULL = YES;
				CLANG_ANALYZER_NUMBER_OBJECT_CONVERSION = YES_AGGRESSIVE;
				CLANG_CXX_LANGUAGE_STANDARD = "gnu++20";
				CLANG_ENABLE_MODULES = YES;
				CLANG_ENABLE_OBJC_ARC = YES;
				CLANG_ENABLE_OBJC_WEAK = YES;
				CLANG_WARN_BLOCK_CAPTURE_AUTORELEASING = YES;
				CLANG_WARN_BOOL_CONVERSION = YES;
				CLANG_WARN_COMMA = YES;
				CLANG_WARN_CONSTANT_CONVERSION = YES;
				CLANG_WARN_DEPRECATED_OBJC_IMPLEMENTATIONS = YES;
				CLANG_WARN_DIRECT_OBJC_ISA_USAGE = YES_ERROR;
				CLANG_WARN_DOCUMENTATION_COMMENTS = YES;
				CLANG_WARN_EMPTY_BODY = YES;
				CLANG_WARN_ENUM_CONVERSION = YES;
				CLANG_WARN_INFINITE_RECURSION = YES;
				CLANG_WARN_INT_CONVERSION = YES;
				CLANG_WARN_NON_LITERAL_NULL_CONVERSION = YES;
				CLANG_WARN_OBJC_IMPLICIT_RETAIN_SELF = YES;
				CLANG_WARN_OBJC_LITERAL_CONVERSION = YES;
				CLANG_WARN_OBJC_ROOT_CLASS = YES_ERROR;
				CLANG_WARN_QUOTED_INCLUDE_IN_FRAMEWORK_HEADER = YES;
				CLANG_WARN_RANGE_LOOP_ANALYSIS = YES;
				CLANG_WARN_STRICT_PROTOTYPES = YES;
				CLANG_WARN_SUSPICIOUS_MOVE = YES;
				CLANG_WARN_UNGUARDED_AVAILABILITY = YES_AGGRESSIVE;
				CLANG_WARN_UNREACHABLE_CODE = YES;
				CLANG_WARN__DUPLICATE_METHOD_MATCH = YES;
				COPY_PHASE_STRIP = NO;
				DEAD_CODE_STRIPPING = YES;
				DEBUG_INFORMATION_FORMAT = "dwarf-with-dsym";
				ENABLE_NS_ASSERTIONS = NO;
				ENABLE_STRICT_OBJC_MSGSEND = YES;
				GCC_C_LANGUAGE_STANDARD = gnu11;
				GCC_NO_COMMON_BLOCKS = YES;
				GCC_WARN_64_TO_32_BIT_CONVERSION = YES;
				GCC_WARN_ABOUT_RETURN_TYPE = YES_ERROR;
				GCC_WARN_UNDECLARED_SELECTOR = YES;
				GCC_WARN_UNINITIALIZED_AUTOS = YES_AGGRESSIVE;
				GCC_WARN_UNUSED_FUNCTION = YES;
				GCC_WARN_UNUSED_VARIABLE = YES;
				IPHONEOS_DEPLOYMENT_TARGET = 16.4;
				MACOSX_DEPLOYMENT_TARGET = 13.3;
				MTL_ENABLE_DEBUG_INFO = NO;
				MTL_FAST_MATH = YES;
				SDKROOT = macosx;
				SWIFT_COMPILATION_MODE = wholemodule;
				SWIFT_OPTIMIZATION_LEVEL = "-O";
				XROS_DEPLOYMENT_TARGET = 1.0;
			};
			name = Release;
		};
		937EA5C62A0CD9F9005F11C5 /* Debug */ = {
			isa = XCBuildConfiguration;
			buildSettings = {
				ASSETCATALOG_COMPILER_APPICON_NAME = AppIcon;
				ASSETCATALOG_COMPILER_GLOBAL_ACCENT_COLOR_NAME = AccentColor;
				CODE_SIGN_ENTITLEMENTS = "The GlassRoom/The_GlassRoom.entitlements";
				CODE_SIGN_IDENTITY = "Apple Development";
				CODE_SIGN_STYLE = Automatic;
				COMBINE_HIDPI_IMAGES = YES;
				CURRENT_PROJECT_VERSION = 7;
				DEAD_CODE_STRIPPING = YES;
				DEVELOPMENT_ASSET_PATHS = "";
				DEVELOPMENT_TEAM = 7K6ZTDFM48;
				ENABLE_HARDENED_RUNTIME = YES;
				ENABLE_PREVIEWS = YES;
				GENERATE_INFOPLIST_FILE = YES;
				INFOPLIST_FILE = "The-GlassRoom-Info.plist";
				INFOPLIST_KEY_CFBundleDisplayName = Glassroom;
				INFOPLIST_KEY_LSApplicationCategoryType = "public.app-category.education";
				INFOPLIST_KEY_NSHumanReadableCopyright = "";
				LD_RUNPATH_SEARCH_PATHS = (
					"$(inherited)",
					"@executable_path/../Frameworks",
				);
				MARKETING_VERSION = 1.1;
				PRODUCT_BUNDLE_IDENTIFIER = "org.sstinc.the-glassroom";
				PRODUCT_NAME = "$(TARGET_NAME)";
				PROVISIONING_PROFILE_SPECIFIER = "";
				SUPPORTED_PLATFORMS = macosx;
				SUPPORTS_MACCATALYST = NO;
				SUPPORTS_MAC_DESIGNED_FOR_IPHONE_IPAD = NO;
				SUPPORTS_XR_DESIGNED_FOR_IPHONE_IPAD = NO;
				SWIFT_EMIT_LOC_STRINGS = YES;
				SWIFT_VERSION = 5.0;
			};
			name = Debug;
		};
		937EA5C72A0CD9F9005F11C5 /* Release */ = {
			isa = XCBuildConfiguration;
			buildSettings = {
				ASSETCATALOG_COMPILER_APPICON_NAME = AppIcon;
				ASSETCATALOG_COMPILER_GLOBAL_ACCENT_COLOR_NAME = AccentColor;
				CODE_SIGN_ENTITLEMENTS = "The GlassRoom/The_GlassRoom.entitlements";
				"CODE_SIGN_IDENTITY[sdk=macosx*]" = "Apple Development";
				CODE_SIGN_STYLE = Automatic;
				COMBINE_HIDPI_IMAGES = YES;
				CURRENT_PROJECT_VERSION = 7;
				DEAD_CODE_STRIPPING = YES;
				DEVELOPMENT_ASSET_PATHS = "";
				DEVELOPMENT_TEAM = 7K6ZTDFM48;
				ENABLE_HARDENED_RUNTIME = YES;
				ENABLE_PREVIEWS = YES;
				GENERATE_INFOPLIST_FILE = YES;
				INFOPLIST_FILE = "The-GlassRoom-Info.plist";
				INFOPLIST_KEY_CFBundleDisplayName = Glassroom;
				INFOPLIST_KEY_LSApplicationCategoryType = "public.app-category.education";
				INFOPLIST_KEY_NSHumanReadableCopyright = "";
				LD_RUNPATH_SEARCH_PATHS = (
					"$(inherited)",
					"@executable_path/../Frameworks",
				);
				MARKETING_VERSION = 1.1;
				PRODUCT_BUNDLE_IDENTIFIER = "org.sstinc.the-glassroom";
				PRODUCT_NAME = "$(TARGET_NAME)";
				SUPPORTED_PLATFORMS = macosx;
				SUPPORTS_MACCATALYST = NO;
				SUPPORTS_MAC_DESIGNED_FOR_IPHONE_IPAD = NO;
				SUPPORTS_XR_DESIGNED_FOR_IPHONE_IPAD = NO;
				SWIFT_EMIT_LOC_STRINGS = YES;
				SWIFT_VERSION = 5.0;
			};
			name = Release;
		};
		F3D304AF2B5634960097F57E /* Debug */ = {
			isa = XCBuildConfiguration;
			buildSettings = {
				ASSETCATALOG_COMPILER_APPICON_NAME = AppIcon;
				ASSETCATALOG_COMPILER_GENERATE_SWIFT_ASSET_SYMBOL_EXTENSIONS = YES;
				ASSETCATALOG_COMPILER_GLOBAL_ACCENT_COLOR_NAME = AccentColor;
				CODE_SIGN_STYLE = Automatic;
				CURRENT_PROJECT_VERSION = 1;
				DEVELOPMENT_ASSET_PATHS = "";
				DEVELOPMENT_TEAM = 7K6ZTDFM48;
				ENABLE_PREVIEWS = YES;
				ENABLE_USER_SCRIPT_SANDBOXING = YES;
				GCC_C_LANGUAGE_STANDARD = gnu17;
				GENERATE_INFOPLIST_FILE = YES;
				INFOPLIST_FILE = "The-GlassRoom-Info.plist";
				INFOPLIST_KEY_CFBundleDisplayName = Glassroom;
				INFOPLIST_KEY_ITSAppUsesNonExemptEncryption = NO;
				INFOPLIST_KEY_LSApplicationCategoryType = "public.app-category.education";
				LD_RUNPATH_SEARCH_PATHS = (
					"$(inherited)",
					"@executable_path/Frameworks",
				);
				LOCALIZATION_PREFERS_STRING_CATALOGS = YES;
				MARKETING_VERSION = 1.0;
				PRODUCT_BUNDLE_IDENTIFIER = "org.sstinc.the-glassroom";
				PRODUCT_NAME = "$(TARGET_NAME)";
				SDKROOT = xros;
				SUPPORTED_PLATFORMS = "xros xrsimulator";
				SWIFT_ACTIVE_COMPILATION_CONDITIONS = "DEBUG $(inherited)";
				SWIFT_EMIT_LOC_STRINGS = YES;
				SWIFT_VERSION = 5.0;
				TARGETED_DEVICE_FAMILY = 7;
				XROS_DEPLOYMENT_TARGET = 1.0;
			};
			name = Debug;
		};
		F3D304B02B5634960097F57E /* Release */ = {
			isa = XCBuildConfiguration;
			buildSettings = {
				ASSETCATALOG_COMPILER_APPICON_NAME = AppIcon;
				ASSETCATALOG_COMPILER_GENERATE_SWIFT_ASSET_SYMBOL_EXTENSIONS = YES;
				ASSETCATALOG_COMPILER_GLOBAL_ACCENT_COLOR_NAME = AccentColor;
				CODE_SIGN_STYLE = Automatic;
				CURRENT_PROJECT_VERSION = 1;
				DEVELOPMENT_ASSET_PATHS = "";
				DEVELOPMENT_TEAM = 7K6ZTDFM48;
				ENABLE_PREVIEWS = YES;
				ENABLE_USER_SCRIPT_SANDBOXING = YES;
				GCC_C_LANGUAGE_STANDARD = gnu17;
				GENERATE_INFOPLIST_FILE = YES;
				INFOPLIST_FILE = "The-GlassRoom-Info.plist";
				INFOPLIST_KEY_CFBundleDisplayName = Glassroom;
				INFOPLIST_KEY_ITSAppUsesNonExemptEncryption = NO;
				INFOPLIST_KEY_LSApplicationCategoryType = "public.app-category.education";
				LD_RUNPATH_SEARCH_PATHS = (
					"$(inherited)",
					"@executable_path/Frameworks",
				);
				LOCALIZATION_PREFERS_STRING_CATALOGS = YES;
				MARKETING_VERSION = 1.0;
				PRODUCT_BUNDLE_IDENTIFIER = "org.sstinc.the-glassroom";
				PRODUCT_NAME = "$(TARGET_NAME)";
				SDKROOT = xros;
				SUPPORTED_PLATFORMS = "xros xrsimulator";
				SWIFT_EMIT_LOC_STRINGS = YES;
				SWIFT_VERSION = 5.0;
				TARGETED_DEVICE_FAMILY = 7;
				VALIDATE_PRODUCT = YES;
				XROS_DEPLOYMENT_TARGET = 1.0;
			};
			name = Release;
		};
/* End XCBuildConfiguration section */

/* Begin XCConfigurationList section */
		933F391A2A4438B5006E13AC /* Build configuration list for PBXNativeTarget "Glassroom​" */ = {
			isa = XCConfigurationList;
			buildConfigurations = (
				933F391B2A4438B5006E13AC /* Debug */,
				933F391C2A4438B5006E13AC /* Release */,
			);
			defaultConfigurationIsVisible = 0;
			defaultConfigurationName = Release;
		};
		937EA5B12A0CD9F8005F11C5 /* Build configuration list for PBXProject "The GlassRoom" */ = {
			isa = XCConfigurationList;
			buildConfigurations = (
				937EA5C32A0CD9F9005F11C5 /* Debug */,
				937EA5C42A0CD9F9005F11C5 /* Release */,
			);
			defaultConfigurationIsVisible = 0;
			defaultConfigurationName = Release;
		};
		937EA5C52A0CD9F9005F11C5 /* Build configuration list for PBXNativeTarget "Glassroom" */ = {
			isa = XCConfigurationList;
			buildConfigurations = (
				937EA5C62A0CD9F9005F11C5 /* Debug */,
				937EA5C72A0CD9F9005F11C5 /* Release */,
			);
			defaultConfigurationIsVisible = 0;
			defaultConfigurationName = Release;
		};
		F3D304B12B5634960097F57E /* Build configuration list for PBXNativeTarget "Glassroom‌" */ = {
			isa = XCConfigurationList;
			buildConfigurations = (
				F3D304AF2B5634960097F57E /* Debug */,
				F3D304B02B5634960097F57E /* Release */,
			);
			defaultConfigurationIsVisible = 0;
			defaultConfigurationName = Release;
		};
/* End XCConfigurationList section */

/* Begin XCRemoteSwiftPackageReference section */
		1DFA49D22EF2E80C00A61C81 /* XCRemoteSwiftPackageReference "GoogleSignIn-iOS" */ = {
			isa = XCRemoteSwiftPackageReference;
			repositoryURL = "https://github.com/google/GoogleSignIn-iOS";
			requirement = {
				kind = upToNextMajorVersion;
				minimumVersion = 9.0.0;
			};
		};
		1DFA49E02EF2EFFB00A61C81 /* XCRemoteSwiftPackageReference "firebase-ios-sdk" */ = {
			isa = XCRemoteSwiftPackageReference;
			repositoryURL = "https://github.com/firebase/firebase-ios-sdk.git";
			requirement = {
				kind = upToNextMajorVersion;
				minimumVersion = 12.7.0;
			};
		};
		937C7D6A2A4FC7F400E38A6B /* XCRemoteSwiftPackageReference "SymbolPicker" */ = {
			isa = XCRemoteSwiftPackageReference;
			repositoryURL = "https://github.com/xnth97/SymbolPicker.git";
			requirement = {
				kind = upToNextMajorVersion;
				minimumVersion = 1.4.2;
			};
		};
		F3CFC6DF2A95968B00E66D34 /* XCRemoteSwiftPackageReference "KeyboardShortcuts" */ = {
			isa = XCRemoteSwiftPackageReference;
			repositoryURL = "https://github.com/sindresorhus/KeyboardShortcuts";
			requirement = {
				kind = upToNextMajorVersion;
				minimumVersion = 1.14.0;
			};
		};
/* End XCRemoteSwiftPackageReference section */

/* Begin XCSwiftPackageProductDependency section */
		1DFA49D32EF2E80C00A61C81 /* GoogleSignIn */ = {
			isa = XCSwiftPackageProductDependency;
			package = 1DFA49D22EF2E80C00A61C81 /* XCRemoteSwiftPackageReference "GoogleSignIn-iOS" */;
			productName = GoogleSignIn;
		};
		1DFA49D52EF2E80C00A61C81 /* GoogleSignInSwift */ = {
			isa = XCSwiftPackageProductDependency;
			package = 1DFA49D22EF2E80C00A61C81 /* XCRemoteSwiftPackageReference "GoogleSignIn-iOS" */;
			productName = GoogleSignInSwift;
		};
		1DFA49D82EF2E82200A61C81 /* GoogleSignIn */ = {
			isa = XCSwiftPackageProductDependency;
			package = 1DFA49D22EF2E80C00A61C81 /* XCRemoteSwiftPackageReference "GoogleSignIn-iOS" */;
			productName = GoogleSignIn;
		};
		1DFA49DA2EF2E82200A61C81 /* GoogleSignInSwift */ = {
			isa = XCSwiftPackageProductDependency;
			package = 1DFA49D22EF2E80C00A61C81 /* XCRemoteSwiftPackageReference "GoogleSignIn-iOS" */;
			productName = GoogleSignInSwift;
		};
		1DFA49E12EF2EFFB00A61C81 /* FirebaseAuth */ = {
			isa = XCSwiftPackageProductDependency;
			package = 1DFA49E02EF2EFFB00A61C81 /* XCRemoteSwiftPackageReference "firebase-ios-sdk" */;
			productName = FirebaseAuth;
		};
		1DFA49E32EF2EFFB00A61C81 /* FirebaseCore */ = {
			isa = XCSwiftPackageProductDependency;
			package = 1DFA49E02EF2EFFB00A61C81 /* XCRemoteSwiftPackageReference "firebase-ios-sdk" */;
			productName = FirebaseCore;
		};
		1DFA49EA2EF2F6F100A61C81 /* FirebaseAuth */ = {
			isa = XCSwiftPackageProductDependency;
			package = 1DFA49E02EF2EFFB00A61C81 /* XCRemoteSwiftPackageReference "firebase-ios-sdk" */;
			productName = FirebaseAuth;
		};
		1DFA49EC2EF2F6F100A61C81 /* FirebaseCore */ = {
			isa = XCSwiftPackageProductDependency;
			package = 1DFA49E02EF2EFFB00A61C81 /* XCRemoteSwiftPackageReference "firebase-ios-sdk" */;
			productName = FirebaseCore;
		};
		1DFA49EE2EF2F70A00A61C81 /* FirebaseAuth */ = {
			isa = XCSwiftPackageProductDependency;
			package = 1DFA49E02EF2EFFB00A61C81 /* XCRemoteSwiftPackageReference "firebase-ios-sdk" */;
			productName = FirebaseAuth;
		};
		1DFA49F02EF2F70A00A61C81 /* FirebaseCore */ = {
			isa = XCSwiftPackageProductDependency;
			package = 1DFA49E02EF2EFFB00A61C81 /* XCRemoteSwiftPackageReference "firebase-ios-sdk" */;
			productName = FirebaseCore;
		};
		933F39602A443E18006E13AC /* GlassRoomAPI */ = {
			isa = XCSwiftPackageProductDependency;
			productName = GlassRoomAPI;
		};
		933F39A82A444537006E13AC /* GlassRoomTypes */ = {
			isa = XCSwiftPackageProductDependency;
			productName = GlassRoomTypes;
		};
		9346D7912A5022A6009FB2F2 /* SymbolPicker */ = {
			isa = XCSwiftPackageProductDependency;
			package = 937C7D6A2A4FC7F400E38A6B /* XCRemoteSwiftPackageReference "SymbolPicker" */;
			productName = SymbolPicker;
		};
		935DEF5C2AD8213E005BF04E /* GlassRoomInterface */ = {
			isa = XCSwiftPackageProductDependency;
			productName = GlassRoomInterface;
		};
		F3D304A32B5634930097F57E /* RealityKitContent */ = {
			isa = XCSwiftPackageProductDependency;
			productName = RealityKitContent;
		};
		F3D304B22B5635170097F57E /* GlassRoomAPI */ = {
			isa = XCSwiftPackageProductDependency;
			productName = GlassRoomAPI;
		};
		F3D304B42B5635170097F57E /* GlassRoomInterface */ = {
			isa = XCSwiftPackageProductDependency;
			productName = GlassRoomInterface;
		};
		F3D304B62B5635170097F57E /* GlassRoomTypes */ = {
			isa = XCSwiftPackageProductDependency;
			productName = GlassRoomTypes;
		};
		F3D304BA2B56351D0097F57E /* SymbolPicker */ = {
			isa = XCSwiftPackageProductDependency;
			package = 937C7D6A2A4FC7F400E38A6B /* XCRemoteSwiftPackageReference "SymbolPicker" */;
			productName = SymbolPicker;
		};
		F3D304BC2B563B800097F57E /* GlassRoomAPI */ = {
			isa = XCSwiftPackageProductDependency;
			productName = GlassRoomAPI;
		};
		F3D304BE2B563B800097F57E /* GlassRoomInterface */ = {
			isa = XCSwiftPackageProductDependency;
			productName = GlassRoomInterface;
		};
		F3D304C02B563B800097F57E /* GlassRoomTypes */ = {
			isa = XCSwiftPackageProductDependency;
			productName = GlassRoomTypes;
		};
		F3D304C42B563B800097F57E /* SymbolPicker */ = {
			isa = XCSwiftPackageProductDependency;
			package = 937C7D6A2A4FC7F400E38A6B /* XCRemoteSwiftPackageReference "SymbolPicker" */;
			productName = SymbolPicker;
		};
/* End XCSwiftPackageProductDependency section */
	};
	rootObject = 937EA5AE2A0CD9F8005F11C5 /* Project object */;
}
