// !$*UTF8*$!
{
	archiveVersion = 1;
	classes = {
	};
	objectVersion = 56;
	objects = {

/* Begin PBXBuildFile section */
		6AD9CEDA2A0CEA120078E5D3 /* MainView.swift in Sources */ = {isa = PBXBuildFile; fileRef = 6AD9CED92A0CEA120078E5D3 /* MainView.swift */; };
		93757D5D2A0E73DA0063AB67 /* GoogleSignIn in Frameworks */ = {isa = PBXBuildFile; productRef = 93757D5C2A0E73DA0063AB67 /* GoogleSignIn */; };
		93757D612A0E74500063AB67 /* UserAuthModel.swift in Sources */ = {isa = PBXBuildFile; fileRef = 93757D602A0E74500063AB67 /* UserAuthModel.swift */; };
		93757D632A0E79650063AB67 /* Secrets.swift in Sources */ = {isa = PBXBuildFile; fileRef = 93757D622A0E79650063AB67 /* Secrets.swift */; };
		93757D662A0E7B430063AB67 /* Secrets (Sensitive).swift in Sources */ = {isa = PBXBuildFile; fileRef = 93757D652A0E7B430063AB67 /* Secrets (Sensitive).swift */; };
		937EA5BA2A0CD9F8005F11C5 /* The_GlassRoomApp.swift in Sources */ = {isa = PBXBuildFile; fileRef = 937EA5B92A0CD9F8005F11C5 /* The_GlassRoomApp.swift */; };
		937EA5BC2A0CD9F8005F11C5 /* ContentView.swift in Sources */ = {isa = PBXBuildFile; fileRef = 937EA5BB2A0CD9F8005F11C5 /* ContentView.swift */; };
		937EA5BE2A0CD9F9005F11C5 /* Assets.xcassets in Resources */ = {isa = PBXBuildFile; fileRef = 937EA5BD2A0CD9F9005F11C5 /* Assets.xcassets */; };
		937EA5C12A0CD9F9005F11C5 /* Preview Assets.xcassets in Resources */ = {isa = PBXBuildFile; fileRef = 937EA5C02A0CD9F9005F11C5 /* Preview Assets.xcassets */; };
/* End PBXBuildFile section */

/* Begin PBXFileReference section */
		6AD9CED92A0CEA120078E5D3 /* MainView.swift */ = {isa = PBXFileReference; lastKnownFileType = sourcecode.swift; path = MainView.swift; sourceTree = "<group>"; };
		93757D602A0E74500063AB67 /* UserAuthModel.swift */ = {isa = PBXFileReference; fileEncoding = 4; lastKnownFileType = sourcecode.swift; path = UserAuthModel.swift; sourceTree = "<group>"; };
		93757D622A0E79650063AB67 /* Secrets.swift */ = {isa = PBXFileReference; lastKnownFileType = sourcecode.swift; path = Secrets.swift; sourceTree = "<group>"; };
		93757D652A0E7B430063AB67 /* Secrets (Sensitive).swift */ = {isa = PBXFileReference; lastKnownFileType = sourcecode.swift; path = "Secrets (Sensitive).swift"; sourceTree = "<group>"; };
		937EA5B62A0CD9F8005F11C5 /* The GlassRoom.app */ = {isa = PBXFileReference; explicitFileType = wrapper.application; includeInIndex = 0; path = "The GlassRoom.app"; sourceTree = BUILT_PRODUCTS_DIR; };
		937EA5B92A0CD9F8005F11C5 /* The_GlassRoomApp.swift */ = {isa = PBXFileReference; lastKnownFileType = sourcecode.swift; path = The_GlassRoomApp.swift; sourceTree = "<group>"; };
		937EA5BB2A0CD9F8005F11C5 /* ContentView.swift */ = {isa = PBXFileReference; lastKnownFileType = sourcecode.swift; path = ContentView.swift; sourceTree = "<group>"; };
		937EA5BD2A0CD9F9005F11C5 /* Assets.xcassets */ = {isa = PBXFileReference; lastKnownFileType = folder.assetcatalog; path = Assets.xcassets; sourceTree = "<group>"; };
		937EA5C02A0CD9F9005F11C5 /* Preview Assets.xcassets */ = {isa = PBXFileReference; lastKnownFileType = folder.assetcatalog; path = "Preview Assets.xcassets"; sourceTree = "<group>"; };
		937EA5C22A0CD9F9005F11C5 /* The_GlassRoom.entitlements */ = {isa = PBXFileReference; lastKnownFileType = text.plist.entitlements; path = The_GlassRoom.entitlements; sourceTree = "<group>"; };
		937EA5C92A0CDBE1005F11C5 /* GlassRoomAPI */ = {isa = PBXFileReference; lastKnownFileType = wrapper; path = GlassRoomAPI; sourceTree = "<group>"; };
/* End PBXFileReference section */

/* Begin PBXFrameworksBuildPhase section */
		937EA5B32A0CD9F8005F11C5 /* Frameworks */ = {
			isa = PBXFrameworksBuildPhase;
			buildActionMask = 2147483647;
			files = (
				93757D5D2A0E73DA0063AB67 /* GoogleSignIn in Frameworks */,
			);
			runOnlyForDeploymentPostprocessing = 0;
		};
/* End PBXFrameworksBuildPhase section */

/* Begin PBXGroup section */
		6AD9CED72A0CE9E70078E5D3 /* UI */ = {
			isa = PBXGroup;
			children = (
				6AD9CED82A0CE9FC0078E5D3 /* MainView */,
			);
			path = UI;
			sourceTree = "<group>";
		};
		6AD9CED82A0CE9FC0078E5D3 /* MainView */ = {
			isa = PBXGroup;
			children = (
				6AD9CED92A0CEA120078E5D3 /* MainView.swift */,
			);
			path = MainView;
			sourceTree = "<group>";
		};
		93757D5E2A0E73F30063AB67 /* Model */ = {
			isa = PBXGroup;
			children = (
				93757D602A0E74500063AB67 /* UserAuthModel.swift */,
				93757D622A0E79650063AB67 /* Secrets.swift */,
				93757D652A0E7B430063AB67 /* Secrets (Sensitive).swift */,
			);
			path = Model;
			sourceTree = "<group>";
		};
		93757D5F2A0E742E0063AB67 /* Application */ = {
			isa = PBXGroup;
			children = (
				93757D642A0E7AD80063AB67 /* Secrets */,
				937EA5B92A0CD9F8005F11C5 /* The_GlassRoomApp.swift */,
				937EA5BB2A0CD9F8005F11C5 /* ContentView.swift */,
				937EA5BD2A0CD9F9005F11C5 /* Assets.xcassets */,
			);
			path = Application;
			sourceTree = "<group>";
		};
		93757D642A0E7AD80063AB67 /* Secrets */ = {
			isa = PBXGroup;
			children = (
			);
			path = Secrets;
			sourceTree = "<group>";
		};
		937EA5AD2A0CD9F8005F11C5 = {
			isa = PBXGroup;
			children = (
				937EA5C92A0CDBE1005F11C5 /* GlassRoomAPI */,
				937EA5B82A0CD9F8005F11C5 /* The GlassRoom */,
				937EA5B72A0CD9F8005F11C5 /* Products */,
			);
			sourceTree = "<group>";
		};
		937EA5B72A0CD9F8005F11C5 /* Products */ = {
			isa = PBXGroup;
			children = (
				937EA5B62A0CD9F8005F11C5 /* The GlassRoom.app */,
			);
			name = Products;
			sourceTree = "<group>";
		};
		937EA5B82A0CD9F8005F11C5 /* The GlassRoom */ = {
			isa = PBXGroup;
			children = (
				93757D5F2A0E742E0063AB67 /* Application */,
				93757D5E2A0E73F30063AB67 /* Model */,
				6AD9CED72A0CE9E70078E5D3 /* UI */,
				937EA5BF2A0CD9F9005F11C5 /* Preview Content */,
				937EA5C22A0CD9F9005F11C5 /* The_GlassRoom.entitlements */,
			);
			path = "The GlassRoom";
			sourceTree = "<group>";
		};
		937EA5BF2A0CD9F9005F11C5 /* Preview Content */ = {
			isa = PBXGroup;
			children = (
				937EA5C02A0CD9F9005F11C5 /* Preview Assets.xcassets */,
			);
			path = "Preview Content";
			sourceTree = "<group>";
		};
/* End PBXGroup section */

/* Begin PBXNativeTarget section */
		937EA5B52A0CD9F8005F11C5 /* The GlassRoom */ = {
			isa = PBXNativeTarget;
			buildConfigurationList = 937EA5C52A0CD9F9005F11C5 /* Build configuration list for PBXNativeTarget "The GlassRoom" */;
			buildPhases = (
				937EA5B22A0CD9F8005F11C5 /* Sources */,
				937EA5B32A0CD9F8005F11C5 /* Frameworks */,
				937EA5B42A0CD9F8005F11C5 /* Resources */,
			);
			buildRules = (
			);
			dependencies = (
			);
			name = "The GlassRoom";
			packageProductDependencies = (
				93757D5C2A0E73DA0063AB67 /* GoogleSignIn */,
			);
			productName = "The GlassRoom";
			productReference = 937EA5B62A0CD9F8005F11C5 /* The GlassRoom.app */;
			productType = "com.apple.product-type.application";
		};
/* End PBXNativeTarget section */

/* Begin PBXProject section */
		937EA5AE2A0CD9F8005F11C5 /* Project object */ = {
			isa = PBXProject;
			attributes = {
				BuildIndependentTargetsInParallel = 1;
				LastSwiftUpdateCheck = 1430;
				LastUpgradeCheck = 1430;
				TargetAttributes = {
					937EA5B52A0CD9F8005F11C5 = {
						CreatedOnToolsVersion = 14.3;
					};
				};
			};
			buildConfigurationList = 937EA5B12A0CD9F8005F11C5 /* Build configuration list for PBXProject "The GlassRoom" */;
			compatibilityVersion = "Xcode 14.0";
			developmentRegion = en;
			hasScannedForEncodings = 0;
			knownRegions = (
				en,
				Base,
			);
			mainGroup = 937EA5AD2A0CD9F8005F11C5;
			packageReferences = (
				93757D5B2A0E73DA0063AB67 /* XCRemoteSwiftPackageReference "GoogleSignIn-iOS" */,
			);
			productRefGroup = 937EA5B72A0CD9F8005F11C5 /* Products */;
			projectDirPath = "";
			projectRoot = "";
			targets = (
				937EA5B52A0CD9F8005F11C5 /* The GlassRoom */,
			);
		};
/* End PBXProject section */

/* Begin PBXResourcesBuildPhase section */
		937EA5B42A0CD9F8005F11C5 /* Resources */ = {
			isa = PBXResourcesBuildPhase;
			buildActionMask = 2147483647;
			files = (
				937EA5C12A0CD9F9005F11C5 /* Preview Assets.xcassets in Resources */,
				937EA5BE2A0CD9F9005F11C5 /* Assets.xcassets in Resources */,
			);
			runOnlyForDeploymentPostprocessing = 0;
		};
/* End PBXResourcesBuildPhase section */

/* Begin PBXSourcesBuildPhase section */
		937EA5B22A0CD9F8005F11C5 /* Sources */ = {
			isa = PBXSourcesBuildPhase;
			buildActionMask = 2147483647;
			files = (
				93757D612A0E74500063AB67 /* UserAuthModel.swift in Sources */,
				93757D632A0E79650063AB67 /* Secrets.swift in Sources */,
				93757D662A0E7B430063AB67 /* Secrets (Sensitive).swift in Sources */,
				937EA5BC2A0CD9F8005F11C5 /* ContentView.swift in Sources */,
				6AD9CEDA2A0CEA120078E5D3 /* MainView.swift in Sources */,
				937EA5BA2A0CD9F8005F11C5 /* The_GlassRoomApp.swift in Sources */,
			);
			runOnlyForDeploymentPostprocessing = 0;
		};
/* End PBXSourcesBuildPhase section */

/* Begin XCBuildConfiguration section */
		937EA5C32A0CD9F9005F11C5 /* Debug */ = {
			isa = XCBuildConfiguration;
			buildSettings = {
				ALWAYS_SEARCH_USER_PATHS = NO;
				CLANG_ANALYZER_NONNULL = YES;
				CLANG_ANALYZER_NUMBER_OBJECT_CONVERSION = YES_AGGRESSIVE;
				CLANG_CXX_LANGUAGE_STANDARD = "gnu++20";
				CLANG_ENABLE_MODULES = YES;
				CLANG_ENABLE_OBJC_ARC = YES;
				CLANG_ENABLE_OBJC_WEAK = YES;
				CLANG_WARN_BLOCK_CAPTURE_AUTORELEASING = YES;
				CLANG_WARN_BOOL_CONVERSION = YES;
				CLANG_WARN_COMMA = YES;
				CLANG_WARN_CONSTANT_CONVERSION = YES;
				CLANG_WARN_DEPRECATED_OBJC_IMPLEMENTATIONS = YES;
				CLANG_WARN_DIRECT_OBJC_ISA_USAGE = YES_ERROR;
				CLANG_WARN_DOCUMENTATION_COMMENTS = YES;
				CLANG_WARN_EMPTY_BODY = YES;
				CLANG_WARN_ENUM_CONVERSION = YES;
				CLANG_WARN_INFINITE_RECURSION = YES;
				CLANG_WARN_INT_CONVERSION = YES;
				CLANG_WARN_NON_LITERAL_NULL_CONVERSION = YES;
				CLANG_WARN_OBJC_IMPLICIT_RETAIN_SELF = YES;
				CLANG_WARN_OBJC_LITERAL_CONVERSION = YES;
				CLANG_WARN_OBJC_ROOT_CLASS = YES_ERROR;
				CLANG_WARN_QUOTED_INCLUDE_IN_FRAMEWORK_HEADER = YES;
				CLANG_WARN_RANGE_LOOP_ANALYSIS = YES;
				CLANG_WARN_STRICT_PROTOTYPES = YES;
				CLANG_WARN_SUSPICIOUS_MOVE = YES;
				CLANG_WARN_UNGUARDED_AVAILABILITY = YES_AGGRESSIVE;
				CLANG_WARN_UNREACHABLE_CODE = YES;
				CLANG_WARN__DUPLICATE_METHOD_MATCH = YES;
				COPY_PHASE_STRIP = NO;
				DEBUG_INFORMATION_FORMAT = dwarf;
				ENABLE_STRICT_OBJC_MSGSEND = YES;
				ENABLE_TESTABILITY = YES;
				GCC_C_LANGUAGE_STANDARD = gnu11;
				GCC_DYNAMIC_NO_PIC = NO;
				GCC_NO_COMMON_BLOCKS = YES;
				GCC_OPTIMIZATION_LEVEL = 0;
				GCC_PREPROCESSOR_DEFINITIONS = (
					"DEBUG=1",
					"$(inherited)",
				);
				GCC_WARN_64_TO_32_BIT_CONVERSION = YES;
				GCC_WARN_ABOUT_RETURN_TYPE = YES_ERROR;
				GCC_WARN_UNDECLARED_SELECTOR = YES;
				GCC_WARN_UNINITIALIZED_AUTOS = YES_AGGRESSIVE;
				GCC_WARN_UNUSED_FUNCTION = YES;
				GCC_WARN_UNUSED_VARIABLE = YES;
				MACOSX_DEPLOYMENT_TARGET = 13.3;
				MTL_ENABLE_DEBUG_INFO = INCLUDE_SOURCE;
				MTL_FAST_MATH = YES;
				ONLY_ACTIVE_ARCH = YES;
				SDKROOT = macosx;
				SWIFT_ACTIVE_COMPILATION_CONDITIONS = DEBUG;
				SWIFT_OPTIMIZATION_LEVEL = "-Onone";
			};
			name = Debug;
		};
		937EA5C42A0CD9F9005F11C5 /* Release */ = {
			isa = XCBuildConfiguration;
			buildSettings = {
				ALWAYS_SEARCH_USER_PATHS = NO;
				CLANG_ANALYZER_NONNULL = YES;
				CLANG_ANALYZER_NUMBER_OBJECT_CONVERSION = YES_AGGRESSIVE;
				CLANG_CXX_LANGUAGE_STANDARD = "gnu++20";
				CLANG_ENABLE_MODULES = YES;
				CLANG_ENABLE_OBJC_ARC = YES;
				CLANG_ENABLE_OBJC_WEAK = YES;
				CLANG_WARN_BLOCK_CAPTURE_AUTORELEASING = YES;
				CLANG_WARN_BOOL_CONVERSION = YES;
				CLANG_WARN_COMMA = YES;
				CLANG_WARN_CONSTANT_CONVERSION = YES;
				CLANG_WARN_DEPRECATED_OBJC_IMPLEMENTATIONS = YES;
				CLANG_WARN_DIRECT_OBJC_ISA_USAGE = YES_ERROR;
				CLANG_WARN_DOCUMENTATION_COMMENTS = YES;
				CLANG_WARN_EMPTY_BODY = YES;
				CLANG_WARN_ENUM_CONVERSION = YES;
				CLANG_WARN_INFINITE_RECURSION = YES;
				CLANG_WARN_INT_CONVERSION = YES;
				CLANG_WARN_NON_LITERAL_NULL_CONVERSION = YES;
				CLANG_WARN_OBJC_IMPLICIT_RETAIN_SELF = YES;
				CLANG_WARN_OBJC_LITERAL_CONVERSION = YES;
				CLANG_WARN_OBJC_ROOT_CLASS = YES_ERROR;
				CLANG_WARN_QUOTED_INCLUDE_IN_FRAMEWORK_HEADER = YES;
				CLANG_WARN_RANGE_LOOP_ANALYSIS = YES;
				CLANG_WARN_STRICT_PROTOTYPES = YES;
				CLANG_WARN_SUSPICIOUS_MOVE = YES;
				CLANG_WARN_UNGUARDED_AVAILABILITY = YES_AGGRESSIVE;
				CLANG_WARN_UNREACHABLE_CODE = YES;
				CLANG_WARN__DUPLICATE_METHOD_MATCH = YES;
				COPY_PHASE_STRIP = NO;
				DEBUG_INFORMATION_FORMAT = "dwarf-with-dsym";
				ENABLE_NS_ASSERTIONS = NO;
				ENABLE_STRICT_OBJC_MSGSEND = YES;
				GCC_C_LANGUAGE_STANDARD = gnu11;
				GCC_NO_COMMON_BLOCKS = YES;
				GCC_WARN_64_TO_32_BIT_CONVERSION = YES;
				GCC_WARN_ABOUT_RETURN_TYPE = YES_ERROR;
				GCC_WARN_UNDECLARED_SELECTOR = YES;
				GCC_WARN_UNINITIALIZED_AUTOS = YES_AGGRESSIVE;
				GCC_WARN_UNUSED_FUNCTION = YES;
				GCC_WARN_UNUSED_VARIABLE = YES;
				MACOSX_DEPLOYMENT_TARGET = 13.3;
				MTL_ENABLE_DEBUG_INFO = NO;
				MTL_FAST_MATH = YES;
				SDKROOT = macosx;
				SWIFT_COMPILATION_MODE = wholemodule;
				SWIFT_OPTIMIZATION_LEVEL = "-O";
			};
			name = Release;
		};
		937EA5C62A0CD9F9005F11C5 /* Debug */ = {
			isa = XCBuildConfiguration;
			buildSettings = {
				ASSETCATALOG_COMPILER_APPICON_NAME = AppIcon;
				ASSETCATALOG_COMPILER_GLOBAL_ACCENT_COLOR_NAME = AccentColor;
				CODE_SIGN_ENTITLEMENTS = "The GlassRoom/The_GlassRoom.entitlements";
				"CODE_SIGN_IDENTITY[sdk=macosx*]" = "Apple Development";
				CODE_SIGN_STYLE = Automatic;
				COMBINE_HIDPI_IMAGES = YES;
				CURRENT_PROJECT_VERSION = 1;
				DEVELOPMENT_ASSET_PATHS = "\"The GlassRoom/Preview Content\"";
				DEVELOPMENT_TEAM = Z88Z98GRZQ;
				ENABLE_HARDENED_RUNTIME = YES;
				ENABLE_PREVIEWS = YES;
				GENERATE_INFOPLIST_FILE = YES;
				INFOPLIST_KEY_NSHumanReadableCopyright = "";
				LD_RUNPATH_SEARCH_PATHS = (
					"$(inherited)",
					"@executable_path/../Frameworks",
				);
				MARKETING_VERSION = 1.0;
				PRODUCT_BUNDLE_IDENTIFIER = "com.kaithebuilder.The-GlassRoom";
				PRODUCT_NAME = "$(TARGET_NAME)";
				SWIFT_EMIT_LOC_STRINGS = YES;
				SWIFT_VERSION = 5.0;
			};
			name = Debug;
		};
		937EA5C72A0CD9F9005F11C5 /* Release */ = {
			isa = XCBuildConfiguration;
			buildSettings = {
				ASSETCATALOG_COMPILER_APPICON_NAME = AppIcon;
				ASSETCATALOG_COMPILER_GLOBAL_ACCENT_COLOR_NAME = AccentColor;
				CODE_SIGN_ENTITLEMENTS = "The GlassRoom/The_GlassRoom.entitlements";
				"CODE_SIGN_IDENTITY[sdk=macosx*]" = "Apple Development";
				CODE_SIGN_STYLE = Automatic;
				COMBINE_HIDPI_IMAGES = YES;
				CURRENT_PROJECT_VERSION = 1;
				DEVELOPMENT_ASSET_PATHS = "\"The GlassRoom/Preview Content\"";
				DEVELOPMENT_TEAM = Z88Z98GRZQ;
				ENABLE_HARDENED_RUNTIME = YES;
				ENABLE_PREVIEWS = YES;
				GENERATE_INFOPLIST_FILE = YES;
				INFOPLIST_KEY_NSHumanReadableCopyright = "";
				LD_RUNPATH_SEARCH_PATHS = (
					"$(inherited)",
					"@executable_path/../Frameworks",
				);
				MARKETING_VERSION = 1.0;
				PRODUCT_BUNDLE_IDENTIFIER = "com.kaithebuilder.The-GlassRoom";
				PRODUCT_NAME = "$(TARGET_NAME)";
				SWIFT_EMIT_LOC_STRINGS = YES;
				SWIFT_VERSION = 5.0;
			};
			name = Release;
		};
/* End XCBuildConfiguration section */

/* Begin XCConfigurationList section */
		937EA5B12A0CD9F8005F11C5 /* Build configuration list for PBXProject "The GlassRoom" */ = {
			isa = XCConfigurationList;
			buildConfigurations = (
				937EA5C32A0CD9F9005F11C5 /* Debug */,
				937EA5C42A0CD9F9005F11C5 /* Release */,
			);
			defaultConfigurationIsVisible = 0;
			defaultConfigurationName = Release;
		};
		937EA5C52A0CD9F9005F11C5 /* Build configuration list for PBXNativeTarget "The GlassRoom" */ = {
			isa = XCConfigurationList;
			buildConfigurations = (
				937EA5C62A0CD9F9005F11C5 /* Debug */,
				937EA5C72A0CD9F9005F11C5 /* Release */,
			);
			defaultConfigurationIsVisible = 0;
			defaultConfigurationName = Release;
		};
/* End XCConfigurationList section */

/* Begin XCRemoteSwiftPackageReference section */
		93757D5B2A0E73DA0063AB67 /* XCRemoteSwiftPackageReference "GoogleSignIn-iOS" */ = {
			isa = XCRemoteSwiftPackageReference;
			repositoryURL = "https://github.com/google/GoogleSignIn-iOS";
			requirement = {
				kind = upToNextMajorVersion;
				minimumVersion = 7.0.0;
			};
		};
/* End XCRemoteSwiftPackageReference section */

/* Begin XCSwiftPackageProductDependency section */
		93757D5C2A0E73DA0063AB67 /* GoogleSignIn */ = {
			isa = XCSwiftPackageProductDependency;
			package = 93757D5B2A0E73DA0063AB67 /* XCRemoteSwiftPackageReference "GoogleSignIn-iOS" */;
			productName = GoogleSignIn;
		};
/* End XCSwiftPackageProductDependency section */
	};
	rootObject = 937EA5AE2A0CD9F8005F11C5 /* Project object */;
}
